PODS:
  - IGListKit (1.0.0)

DEPENDENCIES:
  - IGListKit (from `https://github.com/Instagram/IGListKit.git`, branch `master`)

EXTERNAL SOURCES:
  IGListKit:
    :branch: master
    :git: https://github.com/Instagram/IGListKit.git

CHECKOUT OPTIONS:
  IGListKit:
    :commit: 7a4ebc94bc4467e9f1863981f343b46031acbafc
    :git: https://github.com/Instagram/IGListKit.git

SPEC CHECKSUMS:
  IGListKit: a534a917b574ec56697390ef182f125ccff2145b

PODFILE CHECKSUM: 04c70633276c72fb0c22d7db6ca564aac773eec3

COCOAPODS: 1.1.1
