// !$*UTF8*$!
{
	archiveVersion = 1;
	classes = {
	};
	objectVersion = 46;
	objects = {

/* Begin PBXBuildFile section */
		290538601DD9231F00531193 /* AppDelegate.swift in Sources */ = {isa = PBXBuildFile; fileRef = 2905385F1DD9231F00531193 /* AppDelegate.swift */; };
		2905387C1DD9254F00531193 /* Assets.xcassets in Resources */ = {isa = PBXBuildFile; fileRef = 290538781DD9254F00531193 /* Assets.xcassets */; };
		2905387E1DD9254F00531193 /* LaunchScreen.storyboard in Resources */ = {isa = PBXBuildFile; fileRef = 2905387A1DD9254F00531193 /* LaunchScreen.storyboard */; };
		2905387F1DD9254F00531193 /* Main.storyboard in Resources */ = {isa = PBXBuildFile; fileRef = 2905387B1DD9254F00531193 /* Main.storyboard */; };
		290538811DD9287100531193 /* LocationsViewController.swift in Sources */ = {isa = PBXBuildFile; fileRef = 290538801DD9287100531193 /* LocationsViewController.swift */; };
		290538831DD9287A00531193 /* WeatherViewController.swift in Sources */ = {isa = PBXBuildFile; fileRef = 290538821DD9287A00531193 /* WeatherViewController.swift */; };
		290538851DD92C3C00531193 /* API.swift in Sources */ = {isa = PBXBuildFile; fileRef = 290538841DD92C3C00531193 /* API.swift */; };
		2905388D1DDA093900531193 /* ModelTests.swift in Sources */ = {isa = PBXBuildFile; fileRef = 2905388C1DDA093900531193 /* ModelTests.swift */; };
		290538951DDA09E100531193 /* Alert.swift in Sources */ = {isa = PBXBuildFile; fileRef = 290538941DDA09E100531193 /* Alert.swift */; };
		290538971DDA0F6300531193 /* sample_response.json in Resources */ = {isa = PBXBuildFile; fileRef = 290538961DDA0F6300531193 /* sample_response.json */; };
		29C474891DDEA2AF00AE68CE /* APISession.swift in Sources */ = {isa = PBXBuildFile; fileRef = 29C474881DDEA2AF00AE68CE /* APISession.swift */; };
		29C579371DE0E80B003A149B /* URL+DiskCacheKey.swift in Sources */ = {isa = PBXBuildFile; fileRef = 29C579361DE0E80B003A149B /* URL+DiskCacheKey.swift */; };
		29C5793A1DE0F275003A149B /* APISessionTests.swift in Sources */ = {isa = PBXBuildFile; fileRef = 29C579391DE0F275003A149B /* APISessionTests.swift */; };
		29C5793B1DE0F2CF003A149B /* APISession.swift in Sources */ = {isa = PBXBuildFile; fileRef = 29C474881DDEA2AF00AE68CE /* APISession.swift */; };
		29C5793C1DE0F2CF003A149B /* URL+DiskCacheKey.swift in Sources */ = {isa = PBXBuildFile; fileRef = 29C579361DE0E80B003A149B /* URL+DiskCacheKey.swift */; };
		29C5793E1DE0F652003A149B /* Forecast.swift in Sources */ = {isa = PBXBuildFile; fileRef = 29C5793D1DE0F652003A149B /* Forecast.swift */; };
		29C579401DE0F6BA003A149B /* Forecast+JSONConvertible.swift in Sources */ = {isa = PBXBuildFile; fileRef = 29C5793F1DE0F6BA003A149B /* Forecast+JSONConvertible.swift */; };
		29C579411DE0F96A003A149B /* Forecast.swift in Sources */ = {isa = PBXBuildFile; fileRef = 29C5793D1DE0F652003A149B /* Forecast.swift */; };
		29C579421DE0F96A003A149B /* Forecast+JSONConvertible.swift in Sources */ = {isa = PBXBuildFile; fileRef = 29C5793F1DE0F6BA003A149B /* Forecast+JSONConvertible.swift */; };
		29E0A3081DDA10E3004EA2C5 /* Alert.swift in Sources */ = {isa = PBXBuildFile; fileRef = 290538941DDA09E100531193 /* Alert.swift */; };
		29E0A3101DDAA19C004EA2C5 /* Location.swift in Sources */ = {isa = PBXBuildFile; fileRef = 29E0A30F1DDAA19C004EA2C5 /* Location.swift */; };
		29E0A3111DDAA1A1004EA2C5 /* Location.swift in Sources */ = {isa = PBXBuildFile; fileRef = 29E0A30F1DDAA19C004EA2C5 /* Location.swift */; };
		29E0A3131DDAA46E004EA2C5 /* ForecastDay.swift in Sources */ = {isa = PBXBuildFile; fileRef = 29E0A3121DDAA46E004EA2C5 /* ForecastDay.swift */; };
		29E0A3141DDAABD6004EA2C5 /* ForecastDay.swift in Sources */ = {isa = PBXBuildFile; fileRef = 29E0A3121DDAA46E004EA2C5 /* ForecastDay.swift */; };
		29E0A3161DDAB2C3004EA2C5 /* ForecastHourly.swift in Sources */ = {isa = PBXBuildFile; fileRef = 29E0A3151DDAB2C3004EA2C5 /* ForecastHourly.swift */; };
		29E0A3181DDAB889004EA2C5 /* ConditionsIcon.swift in Sources */ = {isa = PBXBuildFile; fileRef = 29E0A3171DDAB889004EA2C5 /* ConditionsIcon.swift */; };
		29E0A3191DDAB981004EA2C5 /* ForecastHourly.swift in Sources */ = {isa = PBXBuildFile; fileRef = 29E0A3151DDAB2C3004EA2C5 /* ForecastHourly.swift */; };
		29E0A31A1DDAB98A004EA2C5 /* ConditionsIcon.swift in Sources */ = {isa = PBXBuildFile; fileRef = 29E0A3171DDAB889004EA2C5 /* ConditionsIcon.swift */; };
		29E0A31C1DDB61C5004EA2C5 /* KeypathParsing.swift in Sources */ = {isa = PBXBuildFile; fileRef = 29E0A31B1DDB61C5004EA2C5 /* KeypathParsing.swift */; };
		29E0A31D1DDBA21F004EA2C5 /* KeypathParsing.swift in Sources */ = {isa = PBXBuildFile; fileRef = 29E0A31B1DDB61C5004EA2C5 /* KeypathParsing.swift */; };
		29E0A31F1DDBA22C004EA2C5 /* KeypathParsingTests.swift in Sources */ = {isa = PBXBuildFile; fileRef = 29E0A31E1DDBA22C004EA2C5 /* KeypathParsingTests.swift */; };
		29E0A32A1DDBFD46004EA2C5 /* JSONConvertible.swift in Sources */ = {isa = PBXBuildFile; fileRef = 29E0A3291DDBFD46004EA2C5 /* JSONConvertible.swift */; };
		29E0A32C1DDBFD82004EA2C5 /* Alert+JSONConvertible.swift in Sources */ = {isa = PBXBuildFile; fileRef = 29E0A32B1DDBFD82004EA2C5 /* Alert+JSONConvertible.swift */; };
		29E0A32E1DDBFE26004EA2C5 /* Location+JSONConvertible.swift in Sources */ = {isa = PBXBuildFile; fileRef = 29E0A32D1DDBFE26004EA2C5 /* Location+JSONConvertible.swift */; };
		29E0A3301DDBFEA3004EA2C5 /* ForecastHourly+JSONConvertible.swift in Sources */ = {isa = PBXBuildFile; fileRef = 29E0A32F1DDBFEA3004EA2C5 /* ForecastHourly+JSONConvertible.swift */; };
		29E0A3321DDBFF05004EA2C5 /* ForecastDay+JSONConvertible.swift in Sources */ = {isa = PBXBuildFile; fileRef = 29E0A3311DDBFF05004EA2C5 /* ForecastDay+JSONConvertible.swift */; };
		29E0A3331DDBFFAC004EA2C5 /* Alert+JSONConvertible.swift in Sources */ = {isa = PBXBuildFile; fileRef = 29E0A32B1DDBFD82004EA2C5 /* Alert+JSONConvertible.swift */; };
		29E0A3341DDBFFAC004EA2C5 /* Location+JSONConvertible.swift in Sources */ = {isa = PBXBuildFile; fileRef = 29E0A32D1DDBFE26004EA2C5 /* Location+JSONConvertible.swift */; };
		29E0A3351DDBFFAC004EA2C5 /* ForecastHourly+JSONConvertible.swift in Sources */ = {isa = PBXBuildFile; fileRef = 29E0A32F1DDBFEA3004EA2C5 /* ForecastHourly+JSONConvertible.swift */; };
		29E0A3361DDBFFAC004EA2C5 /* ForecastDay+JSONConvertible.swift in Sources */ = {isa = PBXBuildFile; fileRef = 29E0A3311DDBFF05004EA2C5 /* ForecastDay+JSONConvertible.swift */; };
		29E0A3371DDBFFAF004EA2C5 /* JSONConvertible.swift in Sources */ = {isa = PBXBuildFile; fileRef = 29E0A3291DDBFD46004EA2C5 /* JSONConvertible.swift */; };
		29E0A3391DDC0091004EA2C5 /* Wind.swift in Sources */ = {isa = PBXBuildFile; fileRef = 29E0A3381DDC0091004EA2C5 /* Wind.swift */; };
		29E0A33A1DDC00DE004EA2C5 /* Wind.swift in Sources */ = {isa = PBXBuildFile; fileRef = 29E0A3381DDC0091004EA2C5 /* Wind.swift */; };
		29E0A33C1DDC0BD1004EA2C5 /* RateLimiter.swift in Sources */ = {isa = PBXBuildFile; fileRef = 29E0A33B1DDC0BD1004EA2C5 /* RateLimiter.swift */; };
		29E0A33D1DDCB85F004EA2C5 /* RateLimiter.swift in Sources */ = {isa = PBXBuildFile; fileRef = 29E0A33B1DDC0BD1004EA2C5 /* RateLimiter.swift */; };
		29E0A3411DDCD1DE004EA2C5 /* Conditions.swift in Sources */ = {isa = PBXBuildFile; fileRef = 29E0A3401DDCD1DE004EA2C5 /* Conditions.swift */; };
		29E0A3431DDCD33F004EA2C5 /* Conditions+JSONConvertible.swift in Sources */ = {isa = PBXBuildFile; fileRef = 29E0A3421DDCD33F004EA2C5 /* Conditions+JSONConvertible.swift */; };
		29E0A3441DDCD69F004EA2C5 /* Conditions.swift in Sources */ = {isa = PBXBuildFile; fileRef = 29E0A3401DDCD1DE004EA2C5 /* Conditions.swift */; };
		29E0A3451DDCD69F004EA2C5 /* Conditions+JSONConvertible.swift in Sources */ = {isa = PBXBuildFile; fileRef = 29E0A3421DDCD33F004EA2C5 /* Conditions+JSONConvertible.swift */; };
		6962141FADBF729716365B07 /* Pods_SimpleWeather.framework in Frameworks */ = {isa = PBXBuildFile; fileRef = FFEFB4A0F751D8FA1003488B /* Pods_SimpleWeather.framework */; };
/* End PBXBuildFile section */

/* Begin PBXContainerItemProxy section */
		2905388F1DDA093900531193 /* PBXContainerItemProxy */ = {
			isa = PBXContainerItemProxy;
			containerPortal = 290538541DD9231F00531193 /* Project object */;
			proxyType = 1;
			remoteGlobalIDString = 2905385B1DD9231F00531193;
			remoteInfo = SimpleWeather;
		};
/* End PBXContainerItemProxy section */

/* Begin PBXFileReference section */
		2905385C1DD9231F00531193 /* SimpleWeather.app */ = {isa = PBXFileReference; explicitFileType = wrapper.application; includeInIndex = 0; path = SimpleWeather.app; sourceTree = BUILT_PRODUCTS_DIR; };
		2905385F1DD9231F00531193 /* AppDelegate.swift */ = {isa = PBXFileReference; lastKnownFileType = sourcecode.swift; path = AppDelegate.swift; sourceTree = "<group>"; };
		290538781DD9254F00531193 /* Assets.xcassets */ = {isa = PBXFileReference; lastKnownFileType = folder.assetcatalog; path = Assets.xcassets; sourceTree = "<group>"; };
		290538791DD9254F00531193 /* Info.plist */ = {isa = PBXFileReference; fileEncoding = 4; lastKnownFileType = text.plist.xml; path = Info.plist; sourceTree = "<group>"; };
		2905387A1DD9254F00531193 /* LaunchScreen.storyboard */ = {isa = PBXFileReference; fileEncoding = 4; lastKnownFileType = file.storyboard; path = LaunchScreen.storyboard; sourceTree = "<group>"; };
		2905387B1DD9254F00531193 /* Main.storyboard */ = {isa = PBXFileReference; fileEncoding = 4; lastKnownFileType = file.storyboard; path = Main.storyboard; sourceTree = "<group>"; };
		290538801DD9287100531193 /* LocationsViewController.swift */ = {isa = PBXFileReference; fileEncoding = 4; lastKnownFileType = sourcecode.swift; path = LocationsViewController.swift; sourceTree = "<group>"; };
		290538821DD9287A00531193 /* WeatherViewController.swift */ = {isa = PBXFileReference; fileEncoding = 4; lastKnownFileType = sourcecode.swift; path = WeatherViewController.swift; sourceTree = "<group>"; };
		290538841DD92C3C00531193 /* API.swift */ = {isa = PBXFileReference; fileEncoding = 4; lastKnownFileType = sourcecode.swift; path = API.swift; sourceTree = "<group>"; };
		2905388A1DDA093900531193 /* SimpleWeatherTests.xctest */ = {isa = PBXFileReference; explicitFileType = wrapper.cfbundle; includeInIndex = 0; path = SimpleWeatherTests.xctest; sourceTree = BUILT_PRODUCTS_DIR; };
		2905388C1DDA093900531193 /* ModelTests.swift */ = {isa = PBXFileReference; lastKnownFileType = sourcecode.swift; path = ModelTests.swift; sourceTree = "<group>"; };
		2905388E1DDA093900531193 /* Info.plist */ = {isa = PBXFileReference; lastKnownFileType = text.plist.xml; path = Info.plist; sourceTree = "<group>"; };
		290538941DDA09E100531193 /* Alert.swift */ = {isa = PBXFileReference; fileEncoding = 4; lastKnownFileType = sourcecode.swift; path = Alert.swift; sourceTree = "<group>"; };
		290538961DDA0F6300531193 /* sample_response.json */ = {isa = PBXFileReference; fileEncoding = 4; lastKnownFileType = text.json; path = sample_response.json; sourceTree = "<group>"; };
		29C474881DDEA2AF00AE68CE /* APISession.swift */ = {isa = PBXFileReference; fileEncoding = 4; lastKnownFileType = sourcecode.swift; path = APISession.swift; sourceTree = "<group>"; };
		29C579361DE0E80B003A149B /* URL+DiskCacheKey.swift */ = {isa = PBXFileReference; fileEncoding = 4; lastKnownFileType = sourcecode.swift; path = "URL+DiskCacheKey.swift"; sourceTree = "<group>"; };
		29C579381DE0E84F003A149B /* SimpleWeather-Briding-Header.h */ = {isa = PBXFileReference; fileEncoding = 4; lastKnownFileType = sourcecode.c.h; path = "SimpleWeather-Briding-Header.h"; sourceTree = "<group>"; };
		29C579391DE0F275003A149B /* APISessionTests.swift */ = {isa = PBXFileReference; fileEncoding = 4; lastKnownFileType = sourcecode.swift; path = APISessionTests.swift; sourceTree = "<group>"; };
		29C5793D1DE0F652003A149B /* Forecast.swift */ = {isa = PBXFileReference; fileEncoding = 4; lastKnownFileType = sourcecode.swift; path = Forecast.swift; sourceTree = "<group>"; };
		29C5793F1DE0F6BA003A149B /* Forecast+JSONConvertible.swift */ = {isa = PBXFileReference; fileEncoding = 4; lastKnownFileType = sourcecode.swift; path = "Forecast+JSONConvertible.swift"; sourceTree = "<group>"; };
		29E0A30F1DDAA19C004EA2C5 /* Location.swift */ = {isa = PBXFileReference; fileEncoding = 4; lastKnownFileType = sourcecode.swift; path = Location.swift; sourceTree = "<group>"; };
		29E0A3121DDAA46E004EA2C5 /* ForecastDay.swift */ = {isa = PBXFileReference; fileEncoding = 4; lastKnownFileType = sourcecode.swift; path = ForecastDay.swift; sourceTree = "<group>"; };
		29E0A3151DDAB2C3004EA2C5 /* ForecastHourly.swift */ = {isa = PBXFileReference; fileEncoding = 4; lastKnownFileType = sourcecode.swift; path = ForecastHourly.swift; sourceTree = "<group>"; };
		29E0A3171DDAB889004EA2C5 /* ConditionsIcon.swift */ = {isa = PBXFileReference; fileEncoding = 4; lastKnownFileType = sourcecode.swift; path = ConditionsIcon.swift; sourceTree = "<group>"; };
		29E0A31B1DDB61C5004EA2C5 /* KeypathParsing.swift */ = {isa = PBXFileReference; fileEncoding = 4; lastKnownFileType = sourcecode.swift; path = KeypathParsing.swift; sourceTree = "<group>"; };
		29E0A31E1DDBA22C004EA2C5 /* KeypathParsingTests.swift */ = {isa = PBXFileReference; fileEncoding = 4; lastKnownFileType = sourcecode.swift; path = KeypathParsingTests.swift; sourceTree = "<group>"; };
		29E0A3291DDBFD46004EA2C5 /* JSONConvertible.swift */ = {isa = PBXFileReference; fileEncoding = 4; lastKnownFileType = sourcecode.swift; path = JSONConvertible.swift; sourceTree = "<group>"; };
		29E0A32B1DDBFD82004EA2C5 /* Alert+JSONConvertible.swift */ = {isa = PBXFileReference; fileEncoding = 4; lastKnownFileType = sourcecode.swift; path = "Alert+JSONConvertible.swift"; sourceTree = "<group>"; };
		29E0A32D1DDBFE26004EA2C5 /* Location+JSONConvertible.swift */ = {isa = PBXFileReference; fileEncoding = 4; lastKnownFileType = sourcecode.swift; path = "Location+JSONConvertible.swift"; sourceTree = "<group>"; };
		29E0A32F1DDBFEA3004EA2C5 /* ForecastHourly+JSONConvertible.swift */ = {isa = PBXFileReference; fileEncoding = 4; lastKnownFileType = sourcecode.swift; path = "ForecastHourly+JSONConvertible.swift"; sourceTree = "<group>"; };
		29E0A3311DDBFF05004EA2C5 /* ForecastDay+JSONConvertible.swift */ = {isa = PBXFileReference; fileEncoding = 4; lastKnownFileType = sourcecode.swift; path = "ForecastDay+JSONConvertible.swift"; sourceTree = "<group>"; };
		29E0A3381DDC0091004EA2C5 /* Wind.swift */ = {isa = PBXFileReference; fileEncoding = 4; lastKnownFileType = sourcecode.swift; path = Wind.swift; sourceTree = "<group>"; };
		29E0A33B1DDC0BD1004EA2C5 /* RateLimiter.swift */ = {isa = PBXFileReference; fileEncoding = 4; lastKnownFileType = sourcecode.swift; path = RateLimiter.swift; sourceTree = "<group>"; };
		29E0A3401DDCD1DE004EA2C5 /* Conditions.swift */ = {isa = PBXFileReference; fileEncoding = 4; lastKnownFileType = sourcecode.swift; path = Conditions.swift; sourceTree = "<group>"; };
		29E0A3421DDCD33F004EA2C5 /* Conditions+JSONConvertible.swift */ = {isa = PBXFileReference; fileEncoding = 4; lastKnownFileType = sourcecode.swift; path = "Conditions+JSONConvertible.swift"; sourceTree = "<group>"; };
		97411C0C10DF125F88826C97 /* Pods-SimpleWeather.debug.xcconfig */ = {isa = PBXFileReference; includeInIndex = 1; lastKnownFileType = text.xcconfig; name = "Pods-SimpleWeather.debug.xcconfig"; path = "Pods/Target Support Files/Pods-SimpleWeather/Pods-SimpleWeather.debug.xcconfig"; sourceTree = "<group>"; };
		E9FF45DCF72D75228D35D313 /* Pods-SimpleWeather.release.xcconfig */ = {isa = PBXFileReference; includeInIndex = 1; lastKnownFileType = text.xcconfig; name = "Pods-SimpleWeather.release.xcconfig"; path = "Pods/Target Support Files/Pods-SimpleWeather/Pods-SimpleWeather.release.xcconfig"; sourceTree = "<group>"; };
		FFEFB4A0F751D8FA1003488B /* Pods_SimpleWeather.framework */ = {isa = PBXFileReference; explicitFileType = wrapper.framework; includeInIndex = 0; path = Pods_SimpleWeather.framework; sourceTree = BUILT_PRODUCTS_DIR; };
/* End PBXFileReference section */

/* Begin PBXFrameworksBuildPhase section */
		290538591DD9231F00531193 /* Frameworks */ = {
			isa = PBXFrameworksBuildPhase;
			buildActionMask = 2147483647;
			files = (
				6962141FADBF729716365B07 /* Pods_SimpleWeather.framework in Frameworks */,
			);
			runOnlyForDeploymentPostprocessing = 0;
		};
		290538871DDA093900531193 /* Frameworks */ = {
			isa = PBXFrameworksBuildPhase;
			buildActionMask = 2147483647;
			files = (
			);
			runOnlyForDeploymentPostprocessing = 0;
		};
/* End PBXFrameworksBuildPhase section */

/* Begin PBXGroup section */
		11D97FC0EF42DDBEC1A1B390 /* Frameworks */ = {
			isa = PBXGroup;
			children = (
				FFEFB4A0F751D8FA1003488B /* Pods_SimpleWeather.framework */,
			);
			name = Frameworks;
			sourceTree = "<group>";
		};
		290538531DD9231F00531193 = {
			isa = PBXGroup;
			children = (
				2905385E1DD9231F00531193 /* SimpleWeather */,
				2905388B1DDA093900531193 /* SimpleWeatherTests */,
				2905385D1DD9231F00531193 /* Products */,
				30C9C6513D7795166DBE4860 /* Pods */,
				11D97FC0EF42DDBEC1A1B390 /* Frameworks */,
			);
			sourceTree = "<group>";
		};
		2905385D1DD9231F00531193 /* Products */ = {
			isa = PBXGroup;
			children = (
				2905385C1DD9231F00531193 /* SimpleWeather.app */,
				2905388A1DDA093900531193 /* SimpleWeatherTests.xctest */,
			);
			name = Products;
			sourceTree = "<group>";
		};
		2905385E1DD9231F00531193 /* SimpleWeather */ = {
			isa = PBXGroup;
			children = (
				290538711DD9254F00531193 /* Classes */,
				290538771DD9254F00531193 /* Resources */,
				2905385F1DD9231F00531193 /* AppDelegate.swift */,
				29C579381DE0E84F003A149B /* SimpleWeather-Briding-Header.h */,
			);
			path = SimpleWeather;
			sourceTree = "<group>";
		};
		290538711DD9254F00531193 /* Classes */ = {
			isa = PBXGroup;
			children = (
				290538721DD9254F00531193 /* Models */,
				290538731DD9254F00531193 /* SectionControllers */,
				290538741DD9254F00531193 /* Systems */,
				290538751DD9254F00531193 /* ViewControllers */,
				290538761DD9254F00531193 /* Views */,
			);
			path = Classes;
			sourceTree = "<group>";
		};
		290538721DD9254F00531193 /* Models */ = {
			isa = PBXGroup;
			children = (
				290538941DDA09E100531193 /* Alert.swift */,
				29E0A32B1DDBFD82004EA2C5 /* Alert+JSONConvertible.swift */,
				29E0A3401DDCD1DE004EA2C5 /* Conditions.swift */,
				29E0A3421DDCD33F004EA2C5 /* Conditions+JSONConvertible.swift */,
				29E0A3171DDAB889004EA2C5 /* ConditionsIcon.swift */,
				29C5793D1DE0F652003A149B /* Forecast.swift */,
				29C5793F1DE0F6BA003A149B /* Forecast+JSONConvertible.swift */,
				29E0A3121DDAA46E004EA2C5 /* ForecastDay.swift */,
				29E0A3311DDBFF05004EA2C5 /* ForecastDay+JSONConvertible.swift */,
				29E0A3151DDAB2C3004EA2C5 /* ForecastHourly.swift */,
				29E0A32F1DDBFEA3004EA2C5 /* ForecastHourly+JSONConvertible.swift */,
				29E0A3291DDBFD46004EA2C5 /* JSONConvertible.swift */,
				29E0A30F1DDAA19C004EA2C5 /* Location.swift */,
				29E0A32D1DDBFE26004EA2C5 /* Location+JSONConvertible.swift */,
				29E0A3381DDC0091004EA2C5 /* Wind.swift */,
			);
			path = Models;
			sourceTree = "<group>";
		};
		290538731DD9254F00531193 /* SectionControllers */ = {
			isa = PBXGroup;
			children = (
			);
			path = SectionControllers;
			sourceTree = "<group>";
		};
		290538741DD9254F00531193 /* Systems */ = {
			isa = PBXGroup;
			children = (
				290538841DD92C3C00531193 /* API.swift */,
				29C474881DDEA2AF00AE68CE /* APISession.swift */,
				29E0A31B1DDB61C5004EA2C5 /* KeypathParsing.swift */,
				29E0A33B1DDC0BD1004EA2C5 /* RateLimiter.swift */,
				29C579361DE0E80B003A149B /* URL+DiskCacheKey.swift */,
			);
			path = Systems;
			sourceTree = "<group>";
		};
		290538751DD9254F00531193 /* ViewControllers */ = {
			isa = PBXGroup;
			children = (
				290538801DD9287100531193 /* LocationsViewController.swift */,
				290538821DD9287A00531193 /* WeatherViewController.swift */,
			);
			path = ViewControllers;
			sourceTree = "<group>";
		};
		290538761DD9254F00531193 /* Views */ = {
			isa = PBXGroup;
			children = (
			);
			path = Views;
			sourceTree = "<group>";
		};
		290538771DD9254F00531193 /* Resources */ = {
			isa = PBXGroup;
			children = (
				290538781DD9254F00531193 /* Assets.xcassets */,
				290538791DD9254F00531193 /* Info.plist */,
				2905387A1DD9254F00531193 /* LaunchScreen.storyboard */,
				2905387B1DD9254F00531193 /* Main.storyboard */,
			);
			path = Resources;
			sourceTree = "<group>";
		};
		2905388B1DDA093900531193 /* SimpleWeatherTests */ = {
			isa = PBXGroup;
			children = (
				29C579391DE0F275003A149B /* APISessionTests.swift */,
				2905388E1DDA093900531193 /* Info.plist */,
				29E0A31E1DDBA22C004EA2C5 /* KeypathParsingTests.swift */,
				2905388C1DDA093900531193 /* ModelTests.swift */,
				290538961DDA0F6300531193 /* sample_response.json */,
			);
			path = SimpleWeatherTests;
			sourceTree = "<group>";
		};
		30C9C6513D7795166DBE4860 /* Pods */ = {
			isa = PBXGroup;
			children = (
				97411C0C10DF125F88826C97 /* Pods-SimpleWeather.debug.xcconfig */,
				E9FF45DCF72D75228D35D313 /* Pods-SimpleWeather.release.xcconfig */,
			);
			name = Pods;
			sourceTree = "<group>";
		};
/* End PBXGroup section */

/* Begin PBXNativeTarget section */
		2905385B1DD9231F00531193 /* SimpleWeather */ = {
			isa = PBXNativeTarget;
			buildConfigurationList = 2905386E1DD9231F00531193 /* Build configuration list for PBXNativeTarget "SimpleWeather" */;
			buildPhases = (
				FB94D922F1EC2AAB0CA43A68 /* [CP] Check Pods Manifest.lock */,
				290538581DD9231F00531193 /* Sources */,
				290538591DD9231F00531193 /* Frameworks */,
				2905385A1DD9231F00531193 /* Resources */,
				45940F82B5C4CCD5B4CFC7AB /* [CP] Embed Pods Frameworks */,
				A9976EAD298E2D11086FB55D /* [CP] Copy Pods Resources */,
			);
			buildRules = (
			);
			dependencies = (
			);
			name = SimpleWeather;
			productName = SimpleWeather;
			productReference = 2905385C1DD9231F00531193 /* SimpleWeather.app */;
			productType = "com.apple.product-type.application";
		};
		290538891DDA093900531193 /* SimpleWeatherTests */ = {
			isa = PBXNativeTarget;
			buildConfigurationList = 290538911DDA093900531193 /* Build configuration list for PBXNativeTarget "SimpleWeatherTests" */;
			buildPhases = (
				290538861DDA093900531193 /* Sources */,
				290538871DDA093900531193 /* Frameworks */,
				290538881DDA093900531193 /* Resources */,
			);
			buildRules = (
			);
			dependencies = (
				290538901DDA093900531193 /* PBXTargetDependency */,
			);
			name = SimpleWeatherTests;
			productName = SimpleWeatherTests;
			productReference = 2905388A1DDA093900531193 /* SimpleWeatherTests.xctest */;
			productType = "com.apple.product-type.bundle.unit-test";
		};
/* End PBXNativeTarget section */

/* Begin PBXProject section */
		290538541DD9231F00531193 /* Project object */ = {
			isa = PBXProject;
			attributes = {
				LastSwiftUpdateCheck = 0810;
				LastUpgradeCheck = 0810;
				ORGANIZATIONNAME = "Ryan Nystrom";
				TargetAttributes = {
					2905385B1DD9231F00531193 = {
						CreatedOnToolsVersion = 8.1;
						DevelopmentTeam = 523C4DWBTH;
						ProvisioningStyle = Automatic;
					};
					290538891DDA093900531193 = {
						CreatedOnToolsVersion = 8.1;
						DevelopmentTeam = 523C4DWBTH;
						ProvisioningStyle = Automatic;
						TestTargetID = 2905385B1DD9231F00531193;
					};
				};
			};
			buildConfigurationList = 290538571DD9231F00531193 /* Build configuration list for PBXProject "SimpleWeather" */;
			compatibilityVersion = "Xcode 3.2";
			developmentRegion = English;
			hasScannedForEncodings = 0;
			knownRegions = (
				en,
				Base,
			);
			mainGroup = 290538531DD9231F00531193;
			productRefGroup = 2905385D1DD9231F00531193 /* Products */;
			projectDirPath = "";
			projectRoot = "";
			targets = (
				2905385B1DD9231F00531193 /* SimpleWeather */,
				290538891DDA093900531193 /* SimpleWeatherTests */,
			);
		};
/* End PBXProject section */

/* Begin PBXResourcesBuildPhase section */
		2905385A1DD9231F00531193 /* Resources */ = {
			isa = PBXResourcesBuildPhase;
			buildActionMask = 2147483647;
			files = (
				2905387E1DD9254F00531193 /* LaunchScreen.storyboard in Resources */,
				2905387C1DD9254F00531193 /* Assets.xcassets in Resources */,
				2905387F1DD9254F00531193 /* Main.storyboard in Resources */,
			);
			runOnlyForDeploymentPostprocessing = 0;
		};
		290538881DDA093900531193 /* Resources */ = {
			isa = PBXResourcesBuildPhase;
			buildActionMask = 2147483647;
			files = (
				290538971DDA0F6300531193 /* sample_response.json in Resources */,
			);
			runOnlyForDeploymentPostprocessing = 0;
		};
/* End PBXResourcesBuildPhase section */

/* Begin PBXShellScriptBuildPhase section */
		45940F82B5C4CCD5B4CFC7AB /* [CP] Embed Pods Frameworks */ = {
			isa = PBXShellScriptBuildPhase;
			buildActionMask = 2147483647;
			files = (
			);
			inputPaths = (
			);
			name = "[CP] Embed Pods Frameworks";
			outputPaths = (
			);
			runOnlyForDeploymentPostprocessing = 0;
			shellPath = /bin/sh;
			shellScript = "\"${SRCROOT}/Pods/Target Support Files/Pods-SimpleWeather/Pods-SimpleWeather-frameworks.sh\"\n";
			showEnvVarsInLog = 0;
		};
		A9976EAD298E2D11086FB55D /* [CP] Copy Pods Resources */ = {
			isa = PBXShellScriptBuildPhase;
			buildActionMask = 2147483647;
			files = (
			);
			inputPaths = (
			);
			name = "[CP] Copy Pods Resources";
			outputPaths = (
			);
			runOnlyForDeploymentPostprocessing = 0;
			shellPath = /bin/sh;
			shellScript = "\"${SRCROOT}/Pods/Target Support Files/Pods-SimpleWeather/Pods-SimpleWeather-resources.sh\"\n";
			showEnvVarsInLog = 0;
		};
		FB94D922F1EC2AAB0CA43A68 /* [CP] Check Pods Manifest.lock */ = {
			isa = PBXShellScriptBuildPhase;
			buildActionMask = 2147483647;
			files = (
			);
			inputPaths = (
			);
			name = "[CP] Check Pods Manifest.lock";
			outputPaths = (
			);
			runOnlyForDeploymentPostprocessing = 0;
			shellPath = /bin/sh;
			shellScript = "diff \"${PODS_ROOT}/../Podfile.lock\" \"${PODS_ROOT}/Manifest.lock\" > /dev/null\nif [ $? != 0 ] ; then\n    # print error to STDERR\n    echo \"error: The sandbox is not in sync with the Podfile.lock. Run 'pod install' or update your CocoaPods installation.\" >&2\n    exit 1\nfi\n";
			showEnvVarsInLog = 0;
		};
/* End PBXShellScriptBuildPhase section */

/* Begin PBXSourcesBuildPhase section */
		290538581DD9231F00531193 /* Sources */ = {
			isa = PBXSourcesBuildPhase;
			buildActionMask = 2147483647;
			files = (
				29E0A3431DDCD33F004EA2C5 /* Conditions+JSONConvertible.swift in Sources */,
				29E0A32C1DDBFD82004EA2C5 /* Alert+JSONConvertible.swift in Sources */,
				29E0A3301DDBFEA3004EA2C5 /* ForecastHourly+JSONConvertible.swift in Sources */,
				29E0A3131DDAA46E004EA2C5 /* ForecastDay.swift in Sources */,
				29E0A3161DDAB2C3004EA2C5 /* ForecastHourly.swift in Sources */,
				29E0A32E1DDBFE26004EA2C5 /* Location+JSONConvertible.swift in Sources */,
				29C579401DE0F6BA003A149B /* Forecast+JSONConvertible.swift in Sources */,
				29E0A33C1DDC0BD1004EA2C5 /* RateLimiter.swift in Sources */,
				290538601DD9231F00531193 /* AppDelegate.swift in Sources */,
				29E0A3321DDBFF05004EA2C5 /* ForecastDay+JSONConvertible.swift in Sources */,
				29E0A3391DDC0091004EA2C5 /* Wind.swift in Sources */,
				290538831DD9287A00531193 /* WeatherViewController.swift in Sources */,
				290538851DD92C3C00531193 /* API.swift in Sources */,
				29E0A3411DDCD1DE004EA2C5 /* Conditions.swift in Sources */,
				29C579371DE0E80B003A149B /* URL+DiskCacheKey.swift in Sources */,
				290538951DDA09E100531193 /* Alert.swift in Sources */,
				29E0A3181DDAB889004EA2C5 /* ConditionsIcon.swift in Sources */,
				29E0A31C1DDB61C5004EA2C5 /* KeypathParsing.swift in Sources */,
				29E0A3101DDAA19C004EA2C5 /* Location.swift in Sources */,
				290538811DD9287100531193 /* LocationsViewController.swift in Sources */,
				29C474891DDEA2AF00AE68CE /* APISession.swift in Sources */,
				29C5793E1DE0F652003A149B /* Forecast.swift in Sources */,
				29E0A32A1DDBFD46004EA2C5 /* JSONConvertible.swift in Sources */,
			);
			runOnlyForDeploymentPostprocessing = 0;
		};
		290538861DDA093900531193 /* Sources */ = {
			isa = PBXSourcesBuildPhase;
			buildActionMask = 2147483647;
			files = (
				29E0A31A1DDAB98A004EA2C5 /* ConditionsIcon.swift in Sources */,
				29E0A33D1DDCB85F004EA2C5 /* RateLimiter.swift in Sources */,
				29E0A31F1DDBA22C004EA2C5 /* KeypathParsingTests.swift in Sources */,
				29C5793C1DE0F2CF003A149B /* URL+DiskCacheKey.swift in Sources */,
				29E0A3081DDA10E3004EA2C5 /* Alert.swift in Sources */,
				29E0A3331DDBFFAC004EA2C5 /* Alert+JSONConvertible.swift in Sources */,
				29E0A3441DDCD69F004EA2C5 /* Conditions.swift in Sources */,
				29E0A3191DDAB981004EA2C5 /* ForecastHourly.swift in Sources */,
				29C5793B1DE0F2CF003A149B /* APISession.swift in Sources */,
				29E0A31D1DDBA21F004EA2C5 /* KeypathParsing.swift in Sources */,
				29E0A3451DDCD69F004EA2C5 /* Conditions+JSONConvertible.swift in Sources */,
				29E0A3351DDBFFAC004EA2C5 /* ForecastHourly+JSONConvertible.swift in Sources */,
				29E0A3341DDBFFAC004EA2C5 /* Location+JSONConvertible.swift in Sources */,
				29E0A3141DDAABD6004EA2C5 /* ForecastDay.swift in Sources */,
				29C579421DE0F96A003A149B /* Forecast+JSONConvertible.swift in Sources */,
				29E0A33A1DDC00DE004EA2C5 /* Wind.swift in Sources */,
				29C5793A1DE0F275003A149B /* APISessionTests.swift in Sources */,
				29C579411DE0F96A003A149B /* Forecast.swift in Sources */,
				29E0A3361DDBFFAC004EA2C5 /* ForecastDay+JSONConvertible.swift in Sources */,
				29E0A3111DDAA1A1004EA2C5 /* Location.swift in Sources */,
				2905388D1DDA093900531193 /* ModelTests.swift in Sources */,
				29E0A3371DDBFFAF004EA2C5 /* JSONConvertible.swift in Sources */,
			);
			runOnlyForDeploymentPostprocessing = 0;
		};
/* End PBXSourcesBuildPhase section */

/* Begin PBXTargetDependency section */
		290538901DDA093900531193 /* PBXTargetDependency */ = {
			isa = PBXTargetDependency;
			target = 2905385B1DD9231F00531193 /* SimpleWeather */;
			targetProxy = 2905388F1DDA093900531193 /* PBXContainerItemProxy */;
		};
/* End PBXTargetDependency section */

/* Begin XCBuildConfiguration section */
		2905386C1DD9231F00531193 /* Debug */ = {
			isa = XCBuildConfiguration;
			buildSettings = {
				ALWAYS_SEARCH_USER_PATHS = NO;
				CLANG_ANALYZER_NONNULL = YES;
				CLANG_CXX_LANGUAGE_STANDARD = "gnu++0x";
				CLANG_CXX_LIBRARY = "libc++";
				CLANG_ENABLE_MODULES = YES;
				CLANG_ENABLE_OBJC_ARC = YES;
				CLANG_WARN_BOOL_CONVERSION = YES;
				CLANG_WARN_CONSTANT_CONVERSION = YES;
				CLANG_WARN_DIRECT_OBJC_ISA_USAGE = YES_ERROR;
				CLANG_WARN_DOCUMENTATION_COMMENTS = YES;
				CLANG_WARN_EMPTY_BODY = YES;
				CLANG_WARN_ENUM_CONVERSION = YES;
				CLANG_WARN_INFINITE_RECURSION = YES;
				CLANG_WARN_INT_CONVERSION = YES;
				CLANG_WARN_OBJC_ROOT_CLASS = YES_ERROR;
				CLANG_WARN_SUSPICIOUS_MOVE = YES;
				CLANG_WARN_SUSPICIOUS_MOVES = YES;
				CLANG_WARN_UNREACHABLE_CODE = YES;
				CLANG_WARN__DUPLICATE_METHOD_MATCH = YES;
				"CODE_SIGN_IDENTITY[sdk=iphoneos*]" = "iPhone Developer";
				COPY_PHASE_STRIP = NO;
				DEBUG_INFORMATION_FORMAT = dwarf;
				ENABLE_STRICT_OBJC_MSGSEND = YES;
				ENABLE_TESTABILITY = YES;
				GCC_C_LANGUAGE_STANDARD = gnu99;
				GCC_DYNAMIC_NO_PIC = NO;
				GCC_NO_COMMON_BLOCKS = YES;
				GCC_OPTIMIZATION_LEVEL = 0;
				GCC_PREPROCESSOR_DEFINITIONS = (
					"DEBUG=1",
					"$(inherited)",
				);
				GCC_WARN_64_TO_32_BIT_CONVERSION = YES;
				GCC_WARN_ABOUT_RETURN_TYPE = YES_ERROR;
				GCC_WARN_UNDECLARED_SELECTOR = YES;
				GCC_WARN_UNINITIALIZED_AUTOS = YES_AGGRESSIVE;
				GCC_WARN_UNUSED_FUNCTION = YES;
				GCC_WARN_UNUSED_VARIABLE = YES;
				IPHONEOS_DEPLOYMENT_TARGET = 10.1;
				MTL_ENABLE_DEBUG_INFO = YES;
				ONLY_ACTIVE_ARCH = YES;
				SDKROOT = iphoneos;
				SWIFT_ACTIVE_COMPILATION_CONDITIONS = DEBUG;
				SWIFT_OPTIMIZATION_LEVEL = "-Onone";
				TARGETED_DEVICE_FAMILY = "1,2";
			};
			name = Debug;
		};
		2905386D1DD9231F00531193 /* Release */ = {
			isa = XCBuildConfiguration;
			buildSettings = {
				ALWAYS_SEARCH_USER_PATHS = NO;
				CLANG_ANALYZER_NONNULL = YES;
				CLANG_CXX_LANGUAGE_STANDARD = "gnu++0x";
				CLANG_CXX_LIBRARY = "libc++";
				CLANG_ENABLE_MODULES = YES;
				CLANG_ENABLE_OBJC_ARC = YES;
				CLANG_WARN_BOOL_CONVERSION = YES;
				CLANG_WARN_CONSTANT_CONVERSION = YES;
				CLANG_WARN_DIRECT_OBJC_ISA_USAGE = YES_ERROR;
				CLANG_WARN_DOCUMENTATION_COMMENTS = YES;
				CLANG_WARN_EMPTY_BODY = YES;
				CLANG_WARN_ENUM_CONVERSION = YES;
				CLANG_WARN_INFINITE_RECURSION = YES;
				CLANG_WARN_INT_CONVERSION = YES;
				CLANG_WARN_OBJC_ROOT_CLASS = YES_ERROR;
				CLANG_WARN_SUSPICIOUS_MOVE = YES;
				CLANG_WARN_SUSPICIOUS_MOVES = YES;
				CLANG_WARN_UNREACHABLE_CODE = YES;
				CLANG_WARN__DUPLICATE_METHOD_MATCH = YES;
				"CODE_SIGN_IDENTITY[sdk=iphoneos*]" = "iPhone Developer";
				COPY_PHASE_STRIP = NO;
				DEBUG_INFORMATION_FORMAT = "dwarf-with-dsym";
				ENABLE_NS_ASSERTIONS = NO;
				ENABLE_STRICT_OBJC_MSGSEND = YES;
				GCC_C_LANGUAGE_STANDARD = gnu99;
				GCC_NO_COMMON_BLOCKS = YES;
				GCC_WARN_64_TO_32_BIT_CONVERSION = YES;
				GCC_WARN_ABOUT_RETURN_TYPE = YES_ERROR;
				GCC_WARN_UNDECLARED_SELECTOR = YES;
				GCC_WARN_UNINITIALIZED_AUTOS = YES_AGGRESSIVE;
				GCC_WARN_UNUSED_FUNCTION = YES;
				GCC_WARN_UNUSED_VARIABLE = YES;
				IPHONEOS_DEPLOYMENT_TARGET = 10.1;
				MTL_ENABLE_DEBUG_INFO = NO;
				SDKROOT = iphoneos;
				SWIFT_OPTIMIZATION_LEVEL = "-Owholemodule";
				TARGETED_DEVICE_FAMILY = "1,2";
				VALIDATE_PRODUCT = YES;
			};
			name = Release;
		};
		2905386F1DD9231F00531193 /* Debug */ = {
			isa = XCBuildConfiguration;
			baseConfigurationReference = 97411C0C10DF125F88826C97 /* Pods-SimpleWeather.debug.xcconfig */;
			buildSettings = {
				ALWAYS_EMBED_SWIFT_STANDARD_LIBRARIES = YES;
				ASSETCATALOG_COMPILER_APPICON_NAME = AppIcon;
				DEVELOPMENT_TEAM = 523C4DWBTH;
				INFOPLIST_FILE = SimpleWeather/Resources/Info.plist;
				LD_RUNPATH_SEARCH_PATHS = "$(inherited) @executable_path/Frameworks";
				PRODUCT_BUNDLE_IDENTIFIER = com.whoisryannystrom.SimpleWeather;
				PRODUCT_NAME = "$(TARGET_NAME)";
				SWIFT_OBJC_BRIDGING_HEADER = "SimpleWeather/SimpleWeather-Briding-Header.h";
				SWIFT_VERSION = 3.0;
				TARGETED_DEVICE_FAMILY = 1;
			};
			name = Debug;
		};
		290538701DD9231F00531193 /* Release */ = {
			isa = XCBuildConfiguration;
			baseConfigurationReference = E9FF45DCF72D75228D35D313 /* Pods-SimpleWeather.release.xcconfig */;
			buildSettings = {
				ALWAYS_EMBED_SWIFT_STANDARD_LIBRARIES = YES;
				ASSETCATALOG_COMPILER_APPICON_NAME = AppIcon;
				DEVELOPMENT_TEAM = 523C4DWBTH;
				INFOPLIST_FILE = SimpleWeather/Resources/Info.plist;
				LD_RUNPATH_SEARCH_PATHS = "$(inherited) @executable_path/Frameworks";
				PRODUCT_BUNDLE_IDENTIFIER = com.whoisryannystrom.SimpleWeather;
				PRODUCT_NAME = "$(TARGET_NAME)";
				SWIFT_OBJC_BRIDGING_HEADER = "SimpleWeather/SimpleWeather-Briding-Header.h";
				SWIFT_VERSION = 3.0;
				TARGETED_DEVICE_FAMILY = 1;
			};
			name = Release;
		};
		290538921DDA093900531193 /* Debug */ = {
			isa = XCBuildConfiguration;
			buildSettings = {
				BUNDLE_LOADER = "$(TEST_HOST)";
				DEVELOPMENT_TEAM = 523C4DWBTH;
				INFOPLIST_FILE = SimpleWeatherTests/Info.plist;
				LD_RUNPATH_SEARCH_PATHS = "$(inherited) @executable_path/Frameworks @loader_path/Frameworks";
				PRODUCT_BUNDLE_IDENTIFIER = com.whoisryannystrom.SimpleWeatherTests;
				PRODUCT_NAME = "$(TARGET_NAME)";
				SWIFT_OBJC_BRIDGING_HEADER = "SimpleWeather/SimpleWeather-Briding-Header.h";
				SWIFT_VERSION = 3.0;
				TEST_HOST = "$(BUILT_PRODUCTS_DIR)/SimpleWeather.app/SimpleWeather";
			};
			name = Debug;
		};
		290538931DDA093900531193 /* Release */ = {
			isa = XCBuildConfiguration;
			buildSettings = {
				BUNDLE_LOADER = "$(TEST_HOST)";
				DEVELOPMENT_TEAM = 523C4DWBTH;
				INFOPLIST_FILE = SimpleWeatherTests/Info.plist;
				LD_RUNPATH_SEARCH_PATHS = "$(inherited) @executable_path/Frameworks @loader_path/Frameworks";
				PRODUCT_BUNDLE_IDENTIFIER = com.whoisryannystrom.SimpleWeatherTests;
				PRODUCT_NAME = "$(TARGET_NAME)";
				SWIFT_OBJC_BRIDGING_HEADER = "SimpleWeather/SimpleWeather-Briding-Header.h";
				SWIFT_VERSION = 3.0;
				TEST_HOST = "$(BUILT_PRODUCTS_DIR)/SimpleWeather.app/SimpleWeather";
			};
			name = Release;
		};
/* End XCBuildConfiguration section */

/* Begin XCConfigurationList section */
		290538571DD9231F00531193 /* Build configuration list for PBXProject "SimpleWeather" */ = {
			isa = XCConfigurationList;
			buildConfigurations = (
				2905386C1DD9231F00531193 /* Debug */,
				2905386D1DD9231F00531193 /* Release */,
			);
			defaultConfigurationIsVisible = 0;
			defaultConfigurationName = Release;
		};
		2905386E1DD9231F00531193 /* Build configuration list for PBXNativeTarget "SimpleWeather" */ = {
			isa = XCConfigurationList;
			buildConfigurations = (
				2905386F1DD9231F00531193 /* Debug */,
				290538701DD9231F00531193 /* Release */,
			);
			defaultConfigurationIsVisible = 0;
			defaultConfigurationName = Release;
		};
		290538911DDA093900531193 /* Build configuration list for PBXNativeTarget "SimpleWeatherTests" */ = {
			isa = XCConfigurationList;
			buildConfigurations = (
				290538921DDA093900531193 /* Debug */,
				290538931DDA093900531193 /* Release */,
			);
			defaultConfigurationIsVisible = 0;
			defaultConfigurationName = Release;
		};
/* End XCConfigurationList section */
	};
	rootObject = 290538541DD9231F00531193 /* Project object */;
}
