// !$*UTF8*$!
{
	archiveVersion = 1;
	classes = {
	};
	objectVersion = 46;
	objects = {

/* Begin PBXBuildFile section */
		290538601DD9231F00531193 /* AppDelegate.swift in Sources */ = {isa = PBXBuildFile; fileRef = 2905385F1DD9231F00531193 /* AppDelegate.swift */; };
		2905387C1DD9254F00531193 /* Assets.xcassets in Resources */ = {isa = PBXBuildFile; fileRef = 290538781DD9254F00531193 /* Assets.xcassets */; };
		2905387E1DD9254F00531193 /* LaunchScreen.storyboard in Resources */ = {isa = PBXBuildFile; fileRef = 2905387A1DD9254F00531193 /* LaunchScreen.storyboard */; };
		2905387F1DD9254F00531193 /* Main.storyboard in Resources */ = {isa = PBXBuildFile; fileRef = 2905387B1DD9254F00531193 /* Main.storyboard */; };
		290538831DD9287A00531193 /* WeatherViewController.swift in Sources */ = {isa = PBXBuildFile; fileRef = 290538821DD9287A00531193 /* WeatherViewController.swift */; };
		290538851DD92C3C00531193 /* API.swift in Sources */ = {isa = PBXBuildFile; fileRef = 290538841DD92C3C00531193 /* API.swift */; };
		2905388D1DDA093900531193 /* ModelTests.swift in Sources */ = {isa = PBXBuildFile; fileRef = 2905388C1DDA093900531193 /* ModelTests.swift */; };
		290538951DDA09E100531193 /* Alert.swift in Sources */ = {isa = PBXBuildFile; fileRef = 290538941DDA09E100531193 /* Alert.swift */; };
		290538971DDA0F6300531193 /* sample_response.json in Resources */ = {isa = PBXBuildFile; fileRef = 290538961DDA0F6300531193 /* sample_response.json */; };
		293026671E1DDE6200B0CEF9 /* WeatherStateMachine.swift in Sources */ = {isa = PBXBuildFile; fileRef = 293026661E1DDE6200B0CEF9 /* WeatherStateMachine.swift */; };
		2949D05B1E0786D500D68F0A /* SavedLocationsViewController.swift in Sources */ = {isa = PBXBuildFile; fileRef = 2949D05A1E0786D500D68F0A /* SavedLocationsViewController.swift */; };
		2949D05D1E0786F700D68F0A /* SavedLocationCell.swift in Sources */ = {isa = PBXBuildFile; fileRef = 2949D05C1E0786F700D68F0A /* SavedLocationCell.swift */; };
		2949D05F1E07880B00D68F0A /* SavedLocation.swift in Sources */ = {isa = PBXBuildFile; fileRef = 2949D05E1E07880B00D68F0A /* SavedLocation.swift */; };
		2949D0611E0789EC00D68F0A /* SavedLocation+NSEncoding.swift in Sources */ = {isa = PBXBuildFile; fileRef = 2949D0601E0789EC00D68F0A /* SavedLocation+NSEncoding.swift */; };
		2949D0631E07994D00D68F0A /* SavedLocation+IGListDiffable.swift in Sources */ = {isa = PBXBuildFile; fileRef = 2949D0621E07994D00D68F0A /* SavedLocation+IGListDiffable.swift */; };
		2949D0641E079A1300D68F0A /* SavedLocation.swift in Sources */ = {isa = PBXBuildFile; fileRef = 2949D05E1E07880B00D68F0A /* SavedLocation.swift */; };
		2949D0651E079A1300D68F0A /* SavedLocation+NSEncoding.swift in Sources */ = {isa = PBXBuildFile; fileRef = 2949D0601E0789EC00D68F0A /* SavedLocation+NSEncoding.swift */; };
		295EAEC81DE762FA00D1EF26 /* ForecastHourCell.swift in Sources */ = {isa = PBXBuildFile; fileRef = 295EAEC71DE762FA00D1EF26 /* ForecastHourCell.swift */; };
		295EAECA1DE7630900D1EF26 /* ForecastHourCellViewModel.swift in Sources */ = {isa = PBXBuildFile; fileRef = 295EAEC91DE7630900D1EF26 /* ForecastHourCellViewModel.swift */; };
		295EAECC1DE77C6B00D1EF26 /* HourlyForecastSectionController.swift in Sources */ = {isa = PBXBuildFile; fileRef = 295EAECB1DE77C6B00D1EF26 /* HourlyForecastSectionController.swift */; };
		295EAECE1DE7860000D1EF26 /* EmbeddedCollectionViewCell.swift in Sources */ = {isa = PBXBuildFile; fileRef = 295EAECD1DE7860000D1EF26 /* EmbeddedCollectionViewCell.swift */; };
		295EAED01DE788A500D1EF26 /* EmbeddedAdapterSectionController.swift in Sources */ = {isa = PBXBuildFile; fileRef = 295EAECF1DE788A500D1EF26 /* EmbeddedAdapterSectionController.swift */; };
		295EAED21DE78A3200D1EF26 /* EmbeddedSection.swift in Sources */ = {isa = PBXBuildFile; fileRef = 295EAED11DE78A3200D1EF26 /* EmbeddedSection.swift */; };
		295EAED41DE78A7200D1EF26 /* EmbeddedSection+IGListDiffable.swift in Sources */ = {isa = PBXBuildFile; fileRef = 295EAED31DE78A7200D1EF26 /* EmbeddedSection+IGListDiffable.swift */; };
		295EAED61DE78D1700D1EF26 /* ForecastHourlyDataSource.swift in Sources */ = {isa = PBXBuildFile; fileRef = 295EAED51DE78D1700D1EF26 /* ForecastHourlyDataSource.swift */; };
		295EAED81DE78EA200D1EF26 /* EmbeddedSection+Forecast.swift in Sources */ = {isa = PBXBuildFile; fileRef = 295EAED71DE78EA200D1EF26 /* EmbeddedSection+Forecast.swift */; };
		295EAEDA1DE78F5C00D1EF26 /* ForecastHourCellViewModel+IGListDiffable.swift in Sources */ = {isa = PBXBuildFile; fileRef = 295EAED91DE78F5C00D1EF26 /* ForecastHourCellViewModel+IGListDiffable.swift */; };
		295EAEE11DE8D3FE00D1EF26 /* Observation.swift in Sources */ = {isa = PBXBuildFile; fileRef = 295EAEDF1DE8D3FE00D1EF26 /* Observation.swift */; };
		295EAEE21DE8D3FE00D1EF26 /* Observation+JSONConvertible.swift in Sources */ = {isa = PBXBuildFile; fileRef = 295EAEE01DE8D3FE00D1EF26 /* Observation+JSONConvertible.swift */; };
		295EAEEC1DE8D4AF00D1EF26 /* Forecast+JSONConvertible.swift in Sources */ = {isa = PBXBuildFile; fileRef = 29C5793F1DE0F6BA003A149B /* Forecast+JSONConvertible.swift */; };
		295EAEED1DE8D4AF00D1EF26 /* Observation.swift in Sources */ = {isa = PBXBuildFile; fileRef = 295EAEDF1DE8D3FE00D1EF26 /* Observation.swift */; };
		295EAEEE1DE8D4AF00D1EF26 /* Wind.swift in Sources */ = {isa = PBXBuildFile; fileRef = 29E0A3381DDC0091004EA2C5 /* Wind.swift */; };
		295EAEEF1DE8D4AF00D1EF26 /* ForecastHourly+JSONConvertible.swift in Sources */ = {isa = PBXBuildFile; fileRef = 29E0A32F1DDBFEA3004EA2C5 /* ForecastHourly+JSONConvertible.swift */; };
		295EAEF11DE8D4AF00D1EF26 /* Forecast.swift in Sources */ = {isa = PBXBuildFile; fileRef = 29C5793D1DE0F652003A149B /* Forecast.swift */; };
		295EAEF31DE8D4AF00D1EF26 /* Alert+JSONConvertible.swift in Sources */ = {isa = PBXBuildFile; fileRef = 29E0A32B1DDBFD82004EA2C5 /* Alert+JSONConvertible.swift */; };
		295EAEF41DE8D4AF00D1EF26 /* ForecastDay.swift in Sources */ = {isa = PBXBuildFile; fileRef = 29E0A3121DDAA46E004EA2C5 /* ForecastDay.swift */; };
		295EAEF91DE8D4AF00D1EF26 /* Alert.swift in Sources */ = {isa = PBXBuildFile; fileRef = 290538941DDA09E100531193 /* Alert.swift */; };
		295EAEFA1DE8D4AF00D1EF26 /* JSONConvertible.swift in Sources */ = {isa = PBXBuildFile; fileRef = 29E0A3291DDBFD46004EA2C5 /* JSONConvertible.swift */; };
		295EAEFC1DE8D4AF00D1EF26 /* Observation+JSONConvertible.swift in Sources */ = {isa = PBXBuildFile; fileRef = 295EAEE01DE8D3FE00D1EF26 /* Observation+JSONConvertible.swift */; };
		295EAF001DE8D4AF00D1EF26 /* ForecastHourly.swift in Sources */ = {isa = PBXBuildFile; fileRef = 29E0A3151DDAB2C3004EA2C5 /* ForecastHourly.swift */; };
		295EAF011DE8D4AF00D1EF26 /* ForecastDay+JSONConvertible.swift in Sources */ = {isa = PBXBuildFile; fileRef = 29E0A3311DDBFF05004EA2C5 /* ForecastDay+JSONConvertible.swift */; };
		295EAF021DE8D4E300D1EF26 /* Location.swift in Sources */ = {isa = PBXBuildFile; fileRef = 29E0A30F1DDAA19C004EA2C5 /* Location.swift */; };
		295EAF031DE8D4E300D1EF26 /* Location+JSONConvertible.swift in Sources */ = {isa = PBXBuildFile; fileRef = 29E0A32D1DDBFE26004EA2C5 /* Location+JSONConvertible.swift */; };
		295EAF051DE8D52700D1EF26 /* CurrentLocationRequester.swift in Sources */ = {isa = PBXBuildFile; fileRef = 29C579431DE103A5003A149B /* CurrentLocationRequester.swift */; };
		295EAF081DE8D59200D1EF26 /* Condition.swift in Sources */ = {isa = PBXBuildFile; fileRef = 295EAF061DE8D59200D1EF26 /* Condition.swift */; };
		295EAF0A1DE8D59400D1EF26 /* Condition.swift in Sources */ = {isa = PBXBuildFile; fileRef = 295EAF061DE8D59200D1EF26 /* Condition.swift */; };
		295EAF0D1DE8D84800D1EF26 /* Astronomy.swift in Sources */ = {isa = PBXBuildFile; fileRef = 295EAF0C1DE8D84800D1EF26 /* Astronomy.swift */; };
		295EAF0E1DE8D8D400D1EF26 /* Astronomy.swift in Sources */ = {isa = PBXBuildFile; fileRef = 295EAF0C1DE8D84800D1EF26 /* Astronomy.swift */; };
		295EAF101DE8D8F000D1EF26 /* Astronomy+JSONConvertible.swift in Sources */ = {isa = PBXBuildFile; fileRef = 295EAF0F1DE8D8F000D1EF26 /* Astronomy+JSONConvertible.swift */; };
		295EAF111DE8DB1A00D1EF26 /* Astronomy+JSONConvertible.swift in Sources */ = {isa = PBXBuildFile; fileRef = 295EAF0F1DE8D8F000D1EF26 /* Astronomy+JSONConvertible.swift */; };
		295EAF151DEA311800D1EF26 /* Date+Daytime.swift in Sources */ = {isa = PBXBuildFile; fileRef = 295EAF141DEA311800D1EF26 /* Date+Daytime.swift */; };
		295EAF161DEA32FA00D1EF26 /* Date+Daytime.swift in Sources */ = {isa = PBXBuildFile; fileRef = 295EAF141DEA311800D1EF26 /* Date+Daytime.swift */; };
		295EAF181DEA334200D1EF26 /* DateTests.swift in Sources */ = {isa = PBXBuildFile; fileRef = 295EAF171DEA334200D1EF26 /* DateTests.swift */; };
		295EAF1A1DEA38B700D1EF26 /* Condition+Icon.swift in Sources */ = {isa = PBXBuildFile; fileRef = 295EAF191DEA38B700D1EF26 /* Condition+Icon.swift */; };
		295EAF1C1DEA427F00D1EF26 /* AlertsViewController.swift in Sources */ = {isa = PBXBuildFile; fileRef = 295EAF1B1DEA427F00D1EF26 /* AlertsViewController.swift */; };
		295EAF201DEA4E2B00D1EF26 /* ViewPulser.swift in Sources */ = {isa = PBXBuildFile; fileRef = 295EAF1F1DEA4E2B00D1EF26 /* ViewPulser.swift */; };
		295EAF221DEBBA9200D1EF26 /* HighLowAttributedString.swift in Sources */ = {isa = PBXBuildFile; fileRef = 295EAF211DEBBA9200D1EF26 /* HighLowAttributedString.swift */; };
		295EAF241DEBBEA400D1EF26 /* MapCell.swift in Sources */ = {isa = PBXBuildFile; fileRef = 295EAF231DEBBEA400D1EF26 /* MapCell.swift */; };
		295EAF261DEBBF2900D1EF26 /* RadarSectionController.swift in Sources */ = {isa = PBXBuildFile; fileRef = 295EAF251DEBBF2900D1EF26 /* RadarSectionController.swift */; };
		295EAF281DEBBF6C00D1EF26 /* RadarSection.swift in Sources */ = {isa = PBXBuildFile; fileRef = 295EAF271DEBBF6C00D1EF26 /* RadarSection.swift */; };
		295EAF2E1DEBC7D100D1EF26 /* RadarSection+IGListDiffable.swift in Sources */ = {isa = PBXBuildFile; fileRef = 295EAF2D1DEBC7D100D1EF26 /* RadarSection+IGListDiffable.swift */; };
		295EAF301DEBCCFC00D1EF26 /* RadarOverlay.swift in Sources */ = {isa = PBXBuildFile; fileRef = 295EAF2F1DEBCCFC00D1EF26 /* RadarOverlay.swift */; };
		295EAF321DEBCF8400D1EF26 /* MKCoordinateRegion+Bounds.swift in Sources */ = {isa = PBXBuildFile; fileRef = 295EAF311DEBCF8400D1EF26 /* MKCoordinateRegion+Bounds.swift */; };
		295EAF341DEBD1B800D1EF26 /* RadarOverlayView.swift in Sources */ = {isa = PBXBuildFile; fileRef = 295EAF331DEBD1B800D1EF26 /* RadarOverlayView.swift */; };
		298B664A1DFB3BE50086F0C7 /* RoundedCollectionViewCell.swift in Sources */ = {isa = PBXBuildFile; fileRef = 298B66491DFB3BE50086F0C7 /* RoundedCollectionViewCell.swift */; };
		298B664D1DFCFAB30086F0C7 /* ForecastDay+Equatable.swift in Sources */ = {isa = PBXBuildFile; fileRef = 298B664C1DFCFAB30086F0C7 /* ForecastDay+Equatable.swift */; };
		298B664F1DFDB55D0086F0C7 /* ConditionsDetailCell.swift in Sources */ = {isa = PBXBuildFile; fileRef = 298B664E1DFDB55D0086F0C7 /* ConditionsDetailCell.swift */; };
		298B66511DFDB57E0086F0C7 /* ConditionsDetailCellViewModel.swift in Sources */ = {isa = PBXBuildFile; fileRef = 298B66501DFDB57E0086F0C7 /* ConditionsDetailCellViewModel.swift */; };
		298B66531DFDDC760086F0C7 /* ConditionsSection.swift in Sources */ = {isa = PBXBuildFile; fileRef = 298B66521DFDDC760086F0C7 /* ConditionsSection.swift */; };
		298B66551DFDDC8E0086F0C7 /* ConditionsSection+Forecast.swift in Sources */ = {isa = PBXBuildFile; fileRef = 298B66541DFDDC8E0086F0C7 /* ConditionsSection+Forecast.swift */; };
		298B66571DFDDCCF0086F0C7 /* ConditionsSection+IGListDiffable.swift in Sources */ = {isa = PBXBuildFile; fileRef = 298B66561DFDDCCF0086F0C7 /* ConditionsSection+IGListDiffable.swift */; };
		298B66591DFDE4F90086F0C7 /* ConditionsSection+ViewModels.swift in Sources */ = {isa = PBXBuildFile; fileRef = 298B66581DFDE4F90086F0C7 /* ConditionsSection+ViewModels.swift */; };
		29C579371DE0E80B003A149B /* URL+DiskCacheKey.swift in Sources */ = {isa = PBXBuildFile; fileRef = 29C579361DE0E80B003A149B /* URL+DiskCacheKey.swift */; };
		29C5793A1DE0F275003A149B /* APISessionTests.swift in Sources */ = {isa = PBXBuildFile; fileRef = 29C579391DE0F275003A149B /* APISessionTests.swift */; };
		29C5793C1DE0F2CF003A149B /* URL+DiskCacheKey.swift in Sources */ = {isa = PBXBuildFile; fileRef = 29C579361DE0E80B003A149B /* URL+DiskCacheKey.swift */; };
		29C5793E1DE0F652003A149B /* Forecast.swift in Sources */ = {isa = PBXBuildFile; fileRef = 29C5793D1DE0F652003A149B /* Forecast.swift */; };
		29C579401DE0F6BA003A149B /* Forecast+JSONConvertible.swift in Sources */ = {isa = PBXBuildFile; fileRef = 29C5793F1DE0F6BA003A149B /* Forecast+JSONConvertible.swift */; };
		29C579441DE103A5003A149B /* CurrentLocationRequester.swift in Sources */ = {isa = PBXBuildFile; fileRef = 29C579431DE103A5003A149B /* CurrentLocationRequester.swift */; };
		29C579461DE120AF003A149B /* ConditionsCell.swift in Sources */ = {isa = PBXBuildFile; fileRef = 29C579451DE120AF003A149B /* ConditionsCell.swift */; };
		29C579491DE121FE003A149B /* ConditionsCellViewModel.swift in Sources */ = {isa = PBXBuildFile; fileRef = 29C579481DE121FE003A149B /* ConditionsCellViewModel.swift */; };
		29C5794D1DE16525003A149B /* ConditionsSectionController.swift in Sources */ = {isa = PBXBuildFile; fileRef = 29C5794C1DE16525003A149B /* ConditionsSectionController.swift */; };
		29C579511DE28DE4003A149B /* ForecastDayCell.swift in Sources */ = {isa = PBXBuildFile; fileRef = 29C579501DE28DE4003A149B /* ForecastDayCell.swift */; };
		29C579531DE28DF9003A149B /* ForecastDayCellViewModel.swift in Sources */ = {isa = PBXBuildFile; fileRef = 29C579521DE28DF9003A149B /* ForecastDayCellViewModel.swift */; };
		29C579551DE28F08003A149B /* DailyForecastSectionController.swift in Sources */ = {isa = PBXBuildFile; fileRef = 29C579541DE28F08003A149B /* DailyForecastSectionController.swift */; };
		29C579571DE28F3A003A149B /* DailyForecastSection.swift in Sources */ = {isa = PBXBuildFile; fileRef = 29C579561DE28F3A003A149B /* DailyForecastSection.swift */; };
		29C579591DE28F75003A149B /* DailyForecastSection+IGListDiffable.swift in Sources */ = {isa = PBXBuildFile; fileRef = 29C579581DE28F75003A149B /* DailyForecastSection+IGListDiffable.swift */; };
		29C5795D1DE34601003A149B /* ForecastDayCellViewModel+Equatable.swift in Sources */ = {isa = PBXBuildFile; fileRef = 29C5795C1DE34601003A149B /* ForecastDayCellViewModel+Equatable.swift */; };
		29C5795F1DE346F9003A149B /* DailyForecastSection+Forecast.swift in Sources */ = {isa = PBXBuildFile; fileRef = 29C5795E1DE346F9003A149B /* DailyForecastSection+Forecast.swift */; };
		29D873581E0CD8BC00A6BA95 /* SavedLocationSectionController.swift in Sources */ = {isa = PBXBuildFile; fileRef = 29D873571E0CD8BC00A6BA95 /* SavedLocationSectionController.swift */; };
		29D8735A1E0CDDC300A6BA95 /* SavedLocationStore.swift in Sources */ = {isa = PBXBuildFile; fileRef = 29D873591E0CDDC300A6BA95 /* SavedLocationStore.swift */; };
		29DB5B541E1B04D000DE4B1C /* URLBuilder.swift in Sources */ = {isa = PBXBuildFile; fileRef = 29DB5B531E1B04D000DE4B1C /* URLBuilder.swift */; };
		29DB5B551E1B08F900DE4B1C /* URLBuilder.swift in Sources */ = {isa = PBXBuildFile; fileRef = 29DB5B531E1B04D000DE4B1C /* URLBuilder.swift */; };
		29DB5B581E1B0E1700DE4B1C /* URLBuilder+Wunderground.swift in Sources */ = {isa = PBXBuildFile; fileRef = 29DB5B561E1B0BE600DE4B1C /* URLBuilder+Wunderground.swift */; };
		29DB5B591E1B0E1800DE4B1C /* URLBuilder+Wunderground.swift in Sources */ = {isa = PBXBuildFile; fileRef = 29DB5B561E1B0BE600DE4B1C /* URLBuilder+Wunderground.swift */; };
		29DB5B5B1E1B129E00DE4B1C /* URLSession+Convenience.swift in Sources */ = {isa = PBXBuildFile; fileRef = 29DB5B5A1E1B129E00DE4B1C /* URLSession+Convenience.swift */; };
		29DB5B5D1E1B2AC800DE4B1C /* URLSessionDataTaskResponse.swift in Sources */ = {isa = PBXBuildFile; fileRef = 29DB5B5C1E1B2AC800DE4B1C /* URLSessionDataTaskResponse.swift */; };
		29DB5B5E1E1B2F0000DE4B1C /* URLSessionDataTaskResponse.swift in Sources */ = {isa = PBXBuildFile; fileRef = 29DB5B5C1E1B2AC800DE4B1C /* URLSessionDataTaskResponse.swift */; };
		29E0A3101DDAA19C004EA2C5 /* Location.swift in Sources */ = {isa = PBXBuildFile; fileRef = 29E0A30F1DDAA19C004EA2C5 /* Location.swift */; };
		29E0A3131DDAA46E004EA2C5 /* ForecastDay.swift in Sources */ = {isa = PBXBuildFile; fileRef = 29E0A3121DDAA46E004EA2C5 /* ForecastDay.swift */; };
		29E0A3161DDAB2C3004EA2C5 /* ForecastHourly.swift in Sources */ = {isa = PBXBuildFile; fileRef = 29E0A3151DDAB2C3004EA2C5 /* ForecastHourly.swift */; };
		29E0A31C1DDB61C5004EA2C5 /* KeypathParsing.swift in Sources */ = {isa = PBXBuildFile; fileRef = 29E0A31B1DDB61C5004EA2C5 /* KeypathParsing.swift */; };
		29E0A31D1DDBA21F004EA2C5 /* KeypathParsing.swift in Sources */ = {isa = PBXBuildFile; fileRef = 29E0A31B1DDB61C5004EA2C5 /* KeypathParsing.swift */; };
		29E0A31F1DDBA22C004EA2C5 /* KeypathParsingTests.swift in Sources */ = {isa = PBXBuildFile; fileRef = 29E0A31E1DDBA22C004EA2C5 /* KeypathParsingTests.swift */; };
		29E0A32A1DDBFD46004EA2C5 /* JSONConvertible.swift in Sources */ = {isa = PBXBuildFile; fileRef = 29E0A3291DDBFD46004EA2C5 /* JSONConvertible.swift */; };
		29E0A32C1DDBFD82004EA2C5 /* Alert+JSONConvertible.swift in Sources */ = {isa = PBXBuildFile; fileRef = 29E0A32B1DDBFD82004EA2C5 /* Alert+JSONConvertible.swift */; };
		29E0A32E1DDBFE26004EA2C5 /* Location+JSONConvertible.swift in Sources */ = {isa = PBXBuildFile; fileRef = 29E0A32D1DDBFE26004EA2C5 /* Location+JSONConvertible.swift */; };
		29E0A3301DDBFEA3004EA2C5 /* ForecastHourly+JSONConvertible.swift in Sources */ = {isa = PBXBuildFile; fileRef = 29E0A32F1DDBFEA3004EA2C5 /* ForecastHourly+JSONConvertible.swift */; };
		29E0A3321DDBFF05004EA2C5 /* ForecastDay+JSONConvertible.swift in Sources */ = {isa = PBXBuildFile; fileRef = 29E0A3311DDBFF05004EA2C5 /* ForecastDay+JSONConvertible.swift */; };
		29E0A3391DDC0091004EA2C5 /* Wind.swift in Sources */ = {isa = PBXBuildFile; fileRef = 29E0A3381DDC0091004EA2C5 /* Wind.swift */; };
		29F491DC1E1D4DA7004B7F91 /* WeatherNavigationViewModel.swift in Sources */ = {isa = PBXBuildFile; fileRef = 29F491DB1E1D4DA7004B7F91 /* WeatherNavigationViewModel.swift */; };
		29F491DD1E1D4ED6004B7F91 /* WeatherNavigationViewModel.swift in Sources */ = {isa = PBXBuildFile; fileRef = 29F491DB1E1D4DA7004B7F91 /* WeatherNavigationViewModel.swift */; };
		29F491DF1E1D4F9C004B7F91 /* WeatherNavigationViewModelTests.swift in Sources */ = {isa = PBXBuildFile; fileRef = 29F491DE1E1D4F9C004B7F91 /* WeatherNavigationViewModelTests.swift */; };
		B09F792B765E3162221223DA /* Pods_SimpleWeatherTests.framework in Frameworks */ = {isa = PBXBuildFile; fileRef = 53F323494716CA1DAF7F4537 /* Pods_SimpleWeatherTests.framework */; };
		F10762EFE604747FC33BB852 /* Pods_SimpleWeather.framework in Frameworks */ = {isa = PBXBuildFile; fileRef = DEF73A7EF6430DE98858D468 /* Pods_SimpleWeather.framework */; };
/* End PBXBuildFile section */

/* Begin PBXContainerItemProxy section */
		2905388F1DDA093900531193 /* PBXContainerItemProxy */ = {
			isa = PBXContainerItemProxy;
			containerPortal = 290538541DD9231F00531193 /* Project object */;
			proxyType = 1;
			remoteGlobalIDString = 2905385B1DD9231F00531193;
			remoteInfo = SimpleWeather;
		};
/* End PBXContainerItemProxy section */

/* Begin PBXFileReference section */
		2905385C1DD9231F00531193 /* SimpleWeather.app */ = {isa = PBXFileReference; explicitFileType = wrapper.application; includeInIndex = 0; path = SimpleWeather.app; sourceTree = BUILT_PRODUCTS_DIR; };
		2905385F1DD9231F00531193 /* AppDelegate.swift */ = {isa = PBXFileReference; lastKnownFileType = sourcecode.swift; path = AppDelegate.swift; sourceTree = "<group>"; };
		290538781DD9254F00531193 /* Assets.xcassets */ = {isa = PBXFileReference; lastKnownFileType = folder.assetcatalog; path = Assets.xcassets; sourceTree = "<group>"; };
		290538791DD9254F00531193 /* Info.plist */ = {isa = PBXFileReference; fileEncoding = 4; lastKnownFileType = text.plist.xml; path = Info.plist; sourceTree = "<group>"; };
		2905387A1DD9254F00531193 /* LaunchScreen.storyboard */ = {isa = PBXFileReference; fileEncoding = 4; lastKnownFileType = file.storyboard; path = LaunchScreen.storyboard; sourceTree = "<group>"; };
		2905387B1DD9254F00531193 /* Main.storyboard */ = {isa = PBXFileReference; fileEncoding = 4; lastKnownFileType = file.storyboard; path = Main.storyboard; sourceTree = "<group>"; };
		290538821DD9287A00531193 /* WeatherViewController.swift */ = {isa = PBXFileReference; fileEncoding = 4; lastKnownFileType = sourcecode.swift; path = WeatherViewController.swift; sourceTree = "<group>"; };
		290538841DD92C3C00531193 /* API.swift */ = {isa = PBXFileReference; fileEncoding = 4; lastKnownFileType = sourcecode.swift; path = API.swift; sourceTree = "<group>"; };
		2905388A1DDA093900531193 /* SimpleWeatherTests.xctest */ = {isa = PBXFileReference; explicitFileType = wrapper.cfbundle; includeInIndex = 0; path = SimpleWeatherTests.xctest; sourceTree = BUILT_PRODUCTS_DIR; };
		2905388C1DDA093900531193 /* ModelTests.swift */ = {isa = PBXFileReference; lastKnownFileType = sourcecode.swift; path = ModelTests.swift; sourceTree = "<group>"; };
		2905388E1DDA093900531193 /* Info.plist */ = {isa = PBXFileReference; lastKnownFileType = text.plist.xml; path = Info.plist; sourceTree = "<group>"; };
		290538941DDA09E100531193 /* Alert.swift */ = {isa = PBXFileReference; fileEncoding = 4; lastKnownFileType = sourcecode.swift; path = Alert.swift; sourceTree = "<group>"; };
		290538961DDA0F6300531193 /* sample_response.json */ = {isa = PBXFileReference; fileEncoding = 4; lastKnownFileType = text.json; path = sample_response.json; sourceTree = "<group>"; };
		293026661E1DDE6200B0CEF9 /* WeatherStateMachine.swift */ = {isa = PBXFileReference; fileEncoding = 4; lastKnownFileType = sourcecode.swift; path = WeatherStateMachine.swift; sourceTree = "<group>"; };
		2949D05A1E0786D500D68F0A /* SavedLocationsViewController.swift */ = {isa = PBXFileReference; fileEncoding = 4; lastKnownFileType = sourcecode.swift; path = SavedLocationsViewController.swift; sourceTree = "<group>"; };
		2949D05C1E0786F700D68F0A /* SavedLocationCell.swift */ = {isa = PBXFileReference; fileEncoding = 4; lastKnownFileType = sourcecode.swift; path = SavedLocationCell.swift; sourceTree = "<group>"; };
		2949D05E1E07880B00D68F0A /* SavedLocation.swift */ = {isa = PBXFileReference; fileEncoding = 4; lastKnownFileType = sourcecode.swift; path = SavedLocation.swift; sourceTree = "<group>"; };
		2949D0601E0789EC00D68F0A /* SavedLocation+NSEncoding.swift */ = {isa = PBXFileReference; fileEncoding = 4; lastKnownFileType = sourcecode.swift; path = "SavedLocation+NSEncoding.swift"; sourceTree = "<group>"; };
		2949D0621E07994D00D68F0A /* SavedLocation+IGListDiffable.swift */ = {isa = PBXFileReference; fileEncoding = 4; lastKnownFileType = sourcecode.swift; path = "SavedLocation+IGListDiffable.swift"; sourceTree = "<group>"; };
		295EAEC71DE762FA00D1EF26 /* ForecastHourCell.swift */ = {isa = PBXFileReference; fileEncoding = 4; lastKnownFileType = sourcecode.swift; path = ForecastHourCell.swift; sourceTree = "<group>"; };
		295EAEC91DE7630900D1EF26 /* ForecastHourCellViewModel.swift */ = {isa = PBXFileReference; fileEncoding = 4; lastKnownFileType = sourcecode.swift; path = ForecastHourCellViewModel.swift; sourceTree = "<group>"; };
		295EAECB1DE77C6B00D1EF26 /* HourlyForecastSectionController.swift */ = {isa = PBXFileReference; fileEncoding = 4; lastKnownFileType = sourcecode.swift; path = HourlyForecastSectionController.swift; sourceTree = "<group>"; };
		295EAECD1DE7860000D1EF26 /* EmbeddedCollectionViewCell.swift */ = {isa = PBXFileReference; fileEncoding = 4; lastKnownFileType = sourcecode.swift; path = EmbeddedCollectionViewCell.swift; sourceTree = "<group>"; };
		295EAECF1DE788A500D1EF26 /* EmbeddedAdapterSectionController.swift */ = {isa = PBXFileReference; fileEncoding = 4; lastKnownFileType = sourcecode.swift; path = EmbeddedAdapterSectionController.swift; sourceTree = "<group>"; };
		295EAED11DE78A3200D1EF26 /* EmbeddedSection.swift */ = {isa = PBXFileReference; fileEncoding = 4; lastKnownFileType = sourcecode.swift; path = EmbeddedSection.swift; sourceTree = "<group>"; };
		295EAED31DE78A7200D1EF26 /* EmbeddedSection+IGListDiffable.swift */ = {isa = PBXFileReference; fileEncoding = 4; lastKnownFileType = sourcecode.swift; path = "EmbeddedSection+IGListDiffable.swift"; sourceTree = "<group>"; };
		295EAED51DE78D1700D1EF26 /* ForecastHourlyDataSource.swift */ = {isa = PBXFileReference; fileEncoding = 4; lastKnownFileType = sourcecode.swift; path = ForecastHourlyDataSource.swift; sourceTree = "<group>"; };
		295EAED71DE78EA200D1EF26 /* EmbeddedSection+Forecast.swift */ = {isa = PBXFileReference; fileEncoding = 4; lastKnownFileType = sourcecode.swift; path = "EmbeddedSection+Forecast.swift"; sourceTree = "<group>"; };
		295EAED91DE78F5C00D1EF26 /* ForecastHourCellViewModel+IGListDiffable.swift */ = {isa = PBXFileReference; fileEncoding = 4; lastKnownFileType = sourcecode.swift; path = "ForecastHourCellViewModel+IGListDiffable.swift"; sourceTree = "<group>"; };
		295EAEDF1DE8D3FE00D1EF26 /* Observation.swift */ = {isa = PBXFileReference; fileEncoding = 4; lastKnownFileType = sourcecode.swift; path = Observation.swift; sourceTree = "<group>"; };
		295EAEE01DE8D3FE00D1EF26 /* Observation+JSONConvertible.swift */ = {isa = PBXFileReference; fileEncoding = 4; lastKnownFileType = sourcecode.swift; path = "Observation+JSONConvertible.swift"; sourceTree = "<group>"; };
		295EAF061DE8D59200D1EF26 /* Condition.swift */ = {isa = PBXFileReference; fileEncoding = 4; lastKnownFileType = sourcecode.swift; path = Condition.swift; sourceTree = "<group>"; };
		295EAF0C1DE8D84800D1EF26 /* Astronomy.swift */ = {isa = PBXFileReference; fileEncoding = 4; lastKnownFileType = sourcecode.swift; path = Astronomy.swift; sourceTree = "<group>"; };
		295EAF0F1DE8D8F000D1EF26 /* Astronomy+JSONConvertible.swift */ = {isa = PBXFileReference; fileEncoding = 4; lastKnownFileType = sourcecode.swift; path = "Astronomy+JSONConvertible.swift"; sourceTree = "<group>"; };
		295EAF141DEA311800D1EF26 /* Date+Daytime.swift */ = {isa = PBXFileReference; fileEncoding = 4; lastKnownFileType = sourcecode.swift; path = "Date+Daytime.swift"; sourceTree = "<group>"; };
		295EAF171DEA334200D1EF26 /* DateTests.swift */ = {isa = PBXFileReference; fileEncoding = 4; lastKnownFileType = sourcecode.swift; path = DateTests.swift; sourceTree = "<group>"; };
		295EAF191DEA38B700D1EF26 /* Condition+Icon.swift */ = {isa = PBXFileReference; fileEncoding = 4; lastKnownFileType = sourcecode.swift; path = "Condition+Icon.swift"; sourceTree = "<group>"; };
		295EAF1B1DEA427F00D1EF26 /* AlertsViewController.swift */ = {isa = PBXFileReference; fileEncoding = 4; lastKnownFileType = sourcecode.swift; path = AlertsViewController.swift; sourceTree = "<group>"; };
		295EAF1F1DEA4E2B00D1EF26 /* ViewPulser.swift */ = {isa = PBXFileReference; fileEncoding = 4; lastKnownFileType = sourcecode.swift; path = ViewPulser.swift; sourceTree = "<group>"; };
		295EAF211DEBBA9200D1EF26 /* HighLowAttributedString.swift */ = {isa = PBXFileReference; fileEncoding = 4; lastKnownFileType = sourcecode.swift; path = HighLowAttributedString.swift; sourceTree = "<group>"; };
		295EAF231DEBBEA400D1EF26 /* MapCell.swift */ = {isa = PBXFileReference; fileEncoding = 4; lastKnownFileType = sourcecode.swift; path = MapCell.swift; sourceTree = "<group>"; };
		295EAF251DEBBF2900D1EF26 /* RadarSectionController.swift */ = {isa = PBXFileReference; fileEncoding = 4; lastKnownFileType = sourcecode.swift; path = RadarSectionController.swift; sourceTree = "<group>"; };
		295EAF271DEBBF6C00D1EF26 /* RadarSection.swift */ = {isa = PBXFileReference; fileEncoding = 4; lastKnownFileType = sourcecode.swift; path = RadarSection.swift; sourceTree = "<group>"; };
		295EAF291DEBC18200D1EF26 /* MapKit.framework */ = {isa = PBXFileReference; lastKnownFileType = wrapper.framework; name = MapKit.framework; path = System/Library/Frameworks/MapKit.framework; sourceTree = SDKROOT; };
		295EAF2D1DEBC7D100D1EF26 /* RadarSection+IGListDiffable.swift */ = {isa = PBXFileReference; fileEncoding = 4; lastKnownFileType = sourcecode.swift; path = "RadarSection+IGListDiffable.swift"; sourceTree = "<group>"; };
		295EAF2F1DEBCCFC00D1EF26 /* RadarOverlay.swift */ = {isa = PBXFileReference; fileEncoding = 4; lastKnownFileType = sourcecode.swift; path = RadarOverlay.swift; sourceTree = "<group>"; };
		295EAF311DEBCF8400D1EF26 /* MKCoordinateRegion+Bounds.swift */ = {isa = PBXFileReference; fileEncoding = 4; lastKnownFileType = sourcecode.swift; path = "MKCoordinateRegion+Bounds.swift"; sourceTree = "<group>"; };
		295EAF331DEBD1B800D1EF26 /* RadarOverlayView.swift */ = {isa = PBXFileReference; fileEncoding = 4; lastKnownFileType = sourcecode.swift; path = RadarOverlayView.swift; sourceTree = "<group>"; };
		298B66491DFB3BE50086F0C7 /* RoundedCollectionViewCell.swift */ = {isa = PBXFileReference; fileEncoding = 4; lastKnownFileType = sourcecode.swift; path = RoundedCollectionViewCell.swift; sourceTree = "<group>"; };
		298B664C1DFCFAB30086F0C7 /* ForecastDay+Equatable.swift */ = {isa = PBXFileReference; fileEncoding = 4; lastKnownFileType = sourcecode.swift; path = "ForecastDay+Equatable.swift"; sourceTree = "<group>"; };
		298B664E1DFDB55D0086F0C7 /* ConditionsDetailCell.swift */ = {isa = PBXFileReference; fileEncoding = 4; lastKnownFileType = sourcecode.swift; path = ConditionsDetailCell.swift; sourceTree = "<group>"; };
		298B66501DFDB57E0086F0C7 /* ConditionsDetailCellViewModel.swift */ = {isa = PBXFileReference; fileEncoding = 4; lastKnownFileType = sourcecode.swift; path = ConditionsDetailCellViewModel.swift; sourceTree = "<group>"; };
		298B66521DFDDC760086F0C7 /* ConditionsSection.swift */ = {isa = PBXFileReference; fileEncoding = 4; lastKnownFileType = sourcecode.swift; path = ConditionsSection.swift; sourceTree = "<group>"; };
		298B66541DFDDC8E0086F0C7 /* ConditionsSection+Forecast.swift */ = {isa = PBXFileReference; fileEncoding = 4; lastKnownFileType = sourcecode.swift; path = "ConditionsSection+Forecast.swift"; sourceTree = "<group>"; };
		298B66561DFDDCCF0086F0C7 /* ConditionsSection+IGListDiffable.swift */ = {isa = PBXFileReference; fileEncoding = 4; lastKnownFileType = sourcecode.swift; path = "ConditionsSection+IGListDiffable.swift"; sourceTree = "<group>"; };
		298B66581DFDE4F90086F0C7 /* ConditionsSection+ViewModels.swift */ = {isa = PBXFileReference; fileEncoding = 4; lastKnownFileType = sourcecode.swift; path = "ConditionsSection+ViewModels.swift"; sourceTree = "<group>"; };
		29C579361DE0E80B003A149B /* URL+DiskCacheKey.swift */ = {isa = PBXFileReference; fileEncoding = 4; lastKnownFileType = sourcecode.swift; path = "URL+DiskCacheKey.swift"; sourceTree = "<group>"; };
		29C579381DE0E84F003A149B /* SimpleWeather-Briding-Header.h */ = {isa = PBXFileReference; fileEncoding = 4; lastKnownFileType = sourcecode.c.h; path = "SimpleWeather-Briding-Header.h"; sourceTree = "<group>"; };
		29C579391DE0F275003A149B /* APISessionTests.swift */ = {isa = PBXFileReference; fileEncoding = 4; lastKnownFileType = sourcecode.swift; path = APISessionTests.swift; sourceTree = "<group>"; };
		29C5793D1DE0F652003A149B /* Forecast.swift */ = {isa = PBXFileReference; fileEncoding = 4; lastKnownFileType = sourcecode.swift; path = Forecast.swift; sourceTree = "<group>"; };
		29C5793F1DE0F6BA003A149B /* Forecast+JSONConvertible.swift */ = {isa = PBXFileReference; fileEncoding = 4; lastKnownFileType = sourcecode.swift; path = "Forecast+JSONConvertible.swift"; sourceTree = "<group>"; };
		29C579431DE103A5003A149B /* CurrentLocationRequester.swift */ = {isa = PBXFileReference; fileEncoding = 4; lastKnownFileType = sourcecode.swift; path = CurrentLocationRequester.swift; sourceTree = "<group>"; };
		29C579451DE120AF003A149B /* ConditionsCell.swift */ = {isa = PBXFileReference; fileEncoding = 4; lastKnownFileType = sourcecode.swift; path = ConditionsCell.swift; sourceTree = "<group>"; };
		29C579481DE121FE003A149B /* ConditionsCellViewModel.swift */ = {isa = PBXFileReference; fileEncoding = 4; lastKnownFileType = sourcecode.swift; path = ConditionsCellViewModel.swift; sourceTree = "<group>"; };
		29C5794C1DE16525003A149B /* ConditionsSectionController.swift */ = {isa = PBXFileReference; fileEncoding = 4; lastKnownFileType = sourcecode.swift; path = ConditionsSectionController.swift; sourceTree = "<group>"; };
		29C579501DE28DE4003A149B /* ForecastDayCell.swift */ = {isa = PBXFileReference; fileEncoding = 4; lastKnownFileType = sourcecode.swift; path = ForecastDayCell.swift; sourceTree = "<group>"; };
		29C579521DE28DF9003A149B /* ForecastDayCellViewModel.swift */ = {isa = PBXFileReference; fileEncoding = 4; lastKnownFileType = sourcecode.swift; path = ForecastDayCellViewModel.swift; sourceTree = "<group>"; };
		29C579541DE28F08003A149B /* DailyForecastSectionController.swift */ = {isa = PBXFileReference; fileEncoding = 4; lastKnownFileType = sourcecode.swift; path = DailyForecastSectionController.swift; sourceTree = "<group>"; };
		29C579561DE28F3A003A149B /* DailyForecastSection.swift */ = {isa = PBXFileReference; fileEncoding = 4; lastKnownFileType = sourcecode.swift; path = DailyForecastSection.swift; sourceTree = "<group>"; };
		29C579581DE28F75003A149B /* DailyForecastSection+IGListDiffable.swift */ = {isa = PBXFileReference; fileEncoding = 4; lastKnownFileType = sourcecode.swift; path = "DailyForecastSection+IGListDiffable.swift"; sourceTree = "<group>"; };
		29C5795C1DE34601003A149B /* ForecastDayCellViewModel+Equatable.swift */ = {isa = PBXFileReference; fileEncoding = 4; lastKnownFileType = sourcecode.swift; path = "ForecastDayCellViewModel+Equatable.swift"; sourceTree = "<group>"; };
		29C5795E1DE346F9003A149B /* DailyForecastSection+Forecast.swift */ = {isa = PBXFileReference; fileEncoding = 4; lastKnownFileType = sourcecode.swift; path = "DailyForecastSection+Forecast.swift"; sourceTree = "<group>"; };
		29D873571E0CD8BC00A6BA95 /* SavedLocationSectionController.swift */ = {isa = PBXFileReference; fileEncoding = 4; lastKnownFileType = sourcecode.swift; path = SavedLocationSectionController.swift; sourceTree = "<group>"; };
		29D873591E0CDDC300A6BA95 /* SavedLocationStore.swift */ = {isa = PBXFileReference; fileEncoding = 4; lastKnownFileType = sourcecode.swift; path = SavedLocationStore.swift; sourceTree = "<group>"; };
		29DB5B531E1B04D000DE4B1C /* URLBuilder.swift */ = {isa = PBXFileReference; fileEncoding = 4; lastKnownFileType = sourcecode.swift; path = URLBuilder.swift; sourceTree = "<group>"; };
		29DB5B561E1B0BE600DE4B1C /* URLBuilder+Wunderground.swift */ = {isa = PBXFileReference; fileEncoding = 4; lastKnownFileType = sourcecode.swift; path = "URLBuilder+Wunderground.swift"; sourceTree = "<group>"; };
		29DB5B5A1E1B129E00DE4B1C /* URLSession+Convenience.swift */ = {isa = PBXFileReference; fileEncoding = 4; lastKnownFileType = sourcecode.swift; path = "URLSession+Convenience.swift"; sourceTree = "<group>"; };
		29DB5B5C1E1B2AC800DE4B1C /* URLSessionDataTaskResponse.swift */ = {isa = PBXFileReference; fileEncoding = 4; lastKnownFileType = sourcecode.swift; path = URLSessionDataTaskResponse.swift; sourceTree = "<group>"; };
		29E0A30F1DDAA19C004EA2C5 /* Location.swift */ = {isa = PBXFileReference; fileEncoding = 4; lastKnownFileType = sourcecode.swift; path = Location.swift; sourceTree = "<group>"; };
		29E0A3121DDAA46E004EA2C5 /* ForecastDay.swift */ = {isa = PBXFileReference; fileEncoding = 4; lastKnownFileType = sourcecode.swift; path = ForecastDay.swift; sourceTree = "<group>"; };
		29E0A3151DDAB2C3004EA2C5 /* ForecastHourly.swift */ = {isa = PBXFileReference; fileEncoding = 4; lastKnownFileType = sourcecode.swift; path = ForecastHourly.swift; sourceTree = "<group>"; };
		29E0A31B1DDB61C5004EA2C5 /* KeypathParsing.swift */ = {isa = PBXFileReference; fileEncoding = 4; lastKnownFileType = sourcecode.swift; path = KeypathParsing.swift; sourceTree = "<group>"; };
		29E0A31E1DDBA22C004EA2C5 /* KeypathParsingTests.swift */ = {isa = PBXFileReference; fileEncoding = 4; lastKnownFileType = sourcecode.swift; path = KeypathParsingTests.swift; sourceTree = "<group>"; };
		29E0A3291DDBFD46004EA2C5 /* JSONConvertible.swift */ = {isa = PBXFileReference; fileEncoding = 4; lastKnownFileType = sourcecode.swift; path = JSONConvertible.swift; sourceTree = "<group>"; };
		29E0A32B1DDBFD82004EA2C5 /* Alert+JSONConvertible.swift */ = {isa = PBXFileReference; fileEncoding = 4; lastKnownFileType = sourcecode.swift; path = "Alert+JSONConvertible.swift"; sourceTree = "<group>"; };
		29E0A32D1DDBFE26004EA2C5 /* Location+JSONConvertible.swift */ = {isa = PBXFileReference; fileEncoding = 4; lastKnownFileType = sourcecode.swift; path = "Location+JSONConvertible.swift"; sourceTree = "<group>"; };
		29E0A32F1DDBFEA3004EA2C5 /* ForecastHourly+JSONConvertible.swift */ = {isa = PBXFileReference; fileEncoding = 4; lastKnownFileType = sourcecode.swift; path = "ForecastHourly+JSONConvertible.swift"; sourceTree = "<group>"; };
		29E0A3311DDBFF05004EA2C5 /* ForecastDay+JSONConvertible.swift */ = {isa = PBXFileReference; fileEncoding = 4; lastKnownFileType = sourcecode.swift; path = "ForecastDay+JSONConvertible.swift"; sourceTree = "<group>"; };
		29E0A3381DDC0091004EA2C5 /* Wind.swift */ = {isa = PBXFileReference; fileEncoding = 4; lastKnownFileType = sourcecode.swift; path = Wind.swift; sourceTree = "<group>"; };
		29F491DB1E1D4DA7004B7F91 /* WeatherNavigationViewModel.swift */ = {isa = PBXFileReference; fileEncoding = 4; lastKnownFileType = sourcecode.swift; path = WeatherNavigationViewModel.swift; sourceTree = "<group>"; };
		29F491DE1E1D4F9C004B7F91 /* WeatherNavigationViewModelTests.swift */ = {isa = PBXFileReference; fileEncoding = 4; lastKnownFileType = sourcecode.swift; path = WeatherNavigationViewModelTests.swift; sourceTree = "<group>"; };
		448030D10330EE5654539923 /* Pods-SimpleWeather.release.xcconfig */ = {isa = PBXFileReference; includeInIndex = 1; lastKnownFileType = text.xcconfig; name = "Pods-SimpleWeather.release.xcconfig"; path = "Pods/Target Support Files/Pods-SimpleWeather/Pods-SimpleWeather.release.xcconfig"; sourceTree = "<group>"; };
		53F323494716CA1DAF7F4537 /* Pods_SimpleWeatherTests.framework */ = {isa = PBXFileReference; explicitFileType = wrapper.framework; includeInIndex = 0; path = Pods_SimpleWeatherTests.framework; sourceTree = BUILT_PRODUCTS_DIR; };
		B87C7F3447663A67F3CF8D34 /* Pods-SimpleWeatherTests.debug.xcconfig */ = {isa = PBXFileReference; includeInIndex = 1; lastKnownFileType = text.xcconfig; name = "Pods-SimpleWeatherTests.debug.xcconfig"; path = "Pods/Target Support Files/Pods-SimpleWeatherTests/Pods-SimpleWeatherTests.debug.xcconfig"; sourceTree = "<group>"; };
		B99DBB68584B42A60D8F8351 /* Pods-SimpleWeatherTests.release.xcconfig */ = {isa = PBXFileReference; includeInIndex = 1; lastKnownFileType = text.xcconfig; name = "Pods-SimpleWeatherTests.release.xcconfig"; path = "Pods/Target Support Files/Pods-SimpleWeatherTests/Pods-SimpleWeatherTests.release.xcconfig"; sourceTree = "<group>"; };
		DAE676D931F0DF20D5B92678 /* Pods-SimpleWeather.debug.xcconfig */ = {isa = PBXFileReference; includeInIndex = 1; lastKnownFileType = text.xcconfig; name = "Pods-SimpleWeather.debug.xcconfig"; path = "Pods/Target Support Files/Pods-SimpleWeather/Pods-SimpleWeather.debug.xcconfig"; sourceTree = "<group>"; };
		DEF73A7EF6430DE98858D468 /* Pods_SimpleWeather.framework */ = {isa = PBXFileReference; explicitFileType = wrapper.framework; includeInIndex = 0; path = Pods_SimpleWeather.framework; sourceTree = BUILT_PRODUCTS_DIR; };
/* End PBXFileReference section */

/* Begin PBXFrameworksBuildPhase section */
		290538591DD9231F00531193 /* Frameworks */ = {
			isa = PBXFrameworksBuildPhase;
			buildActionMask = 2147483647;
			files = (
				F10762EFE604747FC33BB852 /* Pods_SimpleWeather.framework in Frameworks */,
			);
			runOnlyForDeploymentPostprocessing = 0;
		};
		290538871DDA093900531193 /* Frameworks */ = {
			isa = PBXFrameworksBuildPhase;
			buildActionMask = 2147483647;
			files = (
				B09F792B765E3162221223DA /* Pods_SimpleWeatherTests.framework in Frameworks */,
			);
			runOnlyForDeploymentPostprocessing = 0;
		};
/* End PBXFrameworksBuildPhase section */

/* Begin PBXGroup section */
		11D97FC0EF42DDBEC1A1B390 /* Frameworks */ = {
			isa = PBXGroup;
			children = (
				295EAF291DEBC18200D1EF26 /* MapKit.framework */,
				DEF73A7EF6430DE98858D468 /* Pods_SimpleWeather.framework */,
				53F323494716CA1DAF7F4537 /* Pods_SimpleWeatherTests.framework */,
			);
			name = Frameworks;
			sourceTree = "<group>";
		};
		290538531DD9231F00531193 = {
			isa = PBXGroup;
			children = (
				2905385E1DD9231F00531193 /* SimpleWeather */,
				2905388B1DDA093900531193 /* SimpleWeatherTests */,
				2905385D1DD9231F00531193 /* Products */,
				11D97FC0EF42DDBEC1A1B390 /* Frameworks */,
				4713A5BC1CCDE950A60D0C14 /* Pods */,
			);
			sourceTree = "<group>";
		};
		2905385D1DD9231F00531193 /* Products */ = {
			isa = PBXGroup;
			children = (
				2905385C1DD9231F00531193 /* SimpleWeather.app */,
				2905388A1DDA093900531193 /* SimpleWeatherTests.xctest */,
			);
			name = Products;
			sourceTree = "<group>";
		};
		2905385E1DD9231F00531193 /* SimpleWeather */ = {
			isa = PBXGroup;
			children = (
				290538711DD9254F00531193 /* Classes */,
				290538771DD9254F00531193 /* Resources */,
				2905385F1DD9231F00531193 /* AppDelegate.swift */,
				29C579381DE0E84F003A149B /* SimpleWeather-Briding-Header.h */,
			);
			path = SimpleWeather;
			sourceTree = "<group>";
		};
		290538711DD9254F00531193 /* Classes */ = {
			isa = PBXGroup;
			children = (
				290538721DD9254F00531193 /* Models */,
				290538731DD9254F00531193 /* SectionControllers */,
				290538741DD9254F00531193 /* Systems */,
				290538751DD9254F00531193 /* ViewControllers */,
				29C579471DE121F2003A149B /* ViewModels */,
				290538761DD9254F00531193 /* Views */,
			);
			path = Classes;
			sourceTree = "<group>";
		};
		290538721DD9254F00531193 /* Models */ = {
			isa = PBXGroup;
			children = (
				290538941DDA09E100531193 /* Alert.swift */,
				29E0A32B1DDBFD82004EA2C5 /* Alert+JSONConvertible.swift */,
				295EAF0C1DE8D84800D1EF26 /* Astronomy.swift */,
				295EAF0F1DE8D8F000D1EF26 /* Astronomy+JSONConvertible.swift */,
				295EAF061DE8D59200D1EF26 /* Condition.swift */,
				295EAF191DEA38B700D1EF26 /* Condition+Icon.swift */,
				298B66521DFDDC760086F0C7 /* ConditionsSection.swift */,
				298B66541DFDDC8E0086F0C7 /* ConditionsSection+Forecast.swift */,
				298B66561DFDDCCF0086F0C7 /* ConditionsSection+IGListDiffable.swift */,
				298B66581DFDE4F90086F0C7 /* ConditionsSection+ViewModels.swift */,
				29C579561DE28F3A003A149B /* DailyForecastSection.swift */,
				29C5795E1DE346F9003A149B /* DailyForecastSection+Forecast.swift */,
				29C579581DE28F75003A149B /* DailyForecastSection+IGListDiffable.swift */,
				295EAED11DE78A3200D1EF26 /* EmbeddedSection.swift */,
				295EAED71DE78EA200D1EF26 /* EmbeddedSection+Forecast.swift */,
				295EAED31DE78A7200D1EF26 /* EmbeddedSection+IGListDiffable.swift */,
				29C5793D1DE0F652003A149B /* Forecast.swift */,
				29C5793F1DE0F6BA003A149B /* Forecast+JSONConvertible.swift */,
				29E0A3121DDAA46E004EA2C5 /* ForecastDay.swift */,
				298B664C1DFCFAB30086F0C7 /* ForecastDay+Equatable.swift */,
				29E0A3311DDBFF05004EA2C5 /* ForecastDay+JSONConvertible.swift */,
				29E0A3151DDAB2C3004EA2C5 /* ForecastHourly.swift */,
				29E0A32F1DDBFEA3004EA2C5 /* ForecastHourly+JSONConvertible.swift */,
				29E0A3291DDBFD46004EA2C5 /* JSONConvertible.swift */,
				29E0A30F1DDAA19C004EA2C5 /* Location.swift */,
				29E0A32D1DDBFE26004EA2C5 /* Location+JSONConvertible.swift */,
				295EAEDF1DE8D3FE00D1EF26 /* Observation.swift */,
				295EAEE01DE8D3FE00D1EF26 /* Observation+JSONConvertible.swift */,
				295EAF271DEBBF6C00D1EF26 /* RadarSection.swift */,
				295EAF2D1DEBC7D100D1EF26 /* RadarSection+IGListDiffable.swift */,
				2949D05E1E07880B00D68F0A /* SavedLocation.swift */,
				2949D0621E07994D00D68F0A /* SavedLocation+IGListDiffable.swift */,
				2949D0601E0789EC00D68F0A /* SavedLocation+NSEncoding.swift */,
				29E0A3381DDC0091004EA2C5 /* Wind.swift */,
			);
			path = Models;
			sourceTree = "<group>";
		};
		290538731DD9254F00531193 /* SectionControllers */ = {
			isa = PBXGroup;
			children = (
				29C5794C1DE16525003A149B /* ConditionsSectionController.swift */,
				29C579541DE28F08003A149B /* DailyForecastSectionController.swift */,
				295EAECF1DE788A500D1EF26 /* EmbeddedAdapterSectionController.swift */,
				295EAECB1DE77C6B00D1EF26 /* HourlyForecastSectionController.swift */,
				295EAF251DEBBF2900D1EF26 /* RadarSectionController.swift */,
				29D873571E0CD8BC00A6BA95 /* SavedLocationSectionController.swift */,
			);
			path = SectionControllers;
			sourceTree = "<group>";
		};
		290538741DD9254F00531193 /* Systems */ = {
			isa = PBXGroup;
			children = (
				290538841DD92C3C00531193 /* API.swift */,
				29C579431DE103A5003A149B /* CurrentLocationRequester.swift */,
				295EAF141DEA311800D1EF26 /* Date+Daytime.swift */,
				29E0A31B1DDB61C5004EA2C5 /* KeypathParsing.swift */,
				295EAF311DEBCF8400D1EF26 /* MKCoordinateRegion+Bounds.swift */,
				29D873591E0CDDC300A6BA95 /* SavedLocationStore.swift */,
				29C579361DE0E80B003A149B /* URL+DiskCacheKey.swift */,
				29DB5B531E1B04D000DE4B1C /* URLBuilder.swift */,
				29DB5B561E1B0BE600DE4B1C /* URLBuilder+Wunderground.swift */,
				29DB5B5A1E1B129E00DE4B1C /* URLSession+Convenience.swift */,
				29DB5B5C1E1B2AC800DE4B1C /* URLSessionDataTaskResponse.swift */,
				295EAF1F1DEA4E2B00D1EF26 /* ViewPulser.swift */,
			);
			path = Systems;
			sourceTree = "<group>";
		};
		290538751DD9254F00531193 /* ViewControllers */ = {
			isa = PBXGroup;
			children = (
				295EAF1B1DEA427F00D1EF26 /* AlertsViewController.swift */,
				2949D05A1E0786D500D68F0A /* SavedLocationsViewController.swift */,
				290538821DD9287A00531193 /* WeatherViewController.swift */,
			);
			path = ViewControllers;
			sourceTree = "<group>";
		};
		290538761DD9254F00531193 /* Views */ = {
			isa = PBXGroup;
			children = (
				29C579451DE120AF003A149B /* ConditionsCell.swift */,
				298B664E1DFDB55D0086F0C7 /* ConditionsDetailCell.swift */,
				295EAECD1DE7860000D1EF26 /* EmbeddedCollectionViewCell.swift */,
				29C579501DE28DE4003A149B /* ForecastDayCell.swift */,
				295EAEC71DE762FA00D1EF26 /* ForecastHourCell.swift */,
				295EAF211DEBBA9200D1EF26 /* HighLowAttributedString.swift */,
				295EAF231DEBBEA400D1EF26 /* MapCell.swift */,
				295EAF331DEBD1B800D1EF26 /* RadarOverlayView.swift */,
				298B66491DFB3BE50086F0C7 /* RoundedCollectionViewCell.swift */,
				2949D05C1E0786F700D68F0A /* SavedLocationCell.swift */,
			);
			path = Views;
			sourceTree = "<group>";
		};
		290538771DD9254F00531193 /* Resources */ = {
			isa = PBXGroup;
			children = (
				290538781DD9254F00531193 /* Assets.xcassets */,
				290538791DD9254F00531193 /* Info.plist */,
				2905387A1DD9254F00531193 /* LaunchScreen.storyboard */,
				2905387B1DD9254F00531193 /* Main.storyboard */,
			);
			path = Resources;
			sourceTree = "<group>";
		};
		2905388B1DDA093900531193 /* SimpleWeatherTests */ = {
			isa = PBXGroup;
			children = (
				29C579391DE0F275003A149B /* APISessionTests.swift */,
				295EAF171DEA334200D1EF26 /* DateTests.swift */,
				2905388E1DDA093900531193 /* Info.plist */,
				29E0A31E1DDBA22C004EA2C5 /* KeypathParsingTests.swift */,
				2905388C1DDA093900531193 /* ModelTests.swift */,
				290538961DDA0F6300531193 /* sample_response.json */,
				29F491DE1E1D4F9C004B7F91 /* WeatherNavigationViewModelTests.swift */,
			);
			path = SimpleWeatherTests;
			sourceTree = "<group>";
		};
		29C579471DE121F2003A149B /* ViewModels */ = {
			isa = PBXGroup;
			children = (
				29C579481DE121FE003A149B /* ConditionsCellViewModel.swift */,
				298B66501DFDB57E0086F0C7 /* ConditionsDetailCellViewModel.swift */,
				29C579521DE28DF9003A149B /* ForecastDayCellViewModel.swift */,
				29C5795C1DE34601003A149B /* ForecastDayCellViewModel+Equatable.swift */,
				295EAEC91DE7630900D1EF26 /* ForecastHourCellViewModel.swift */,
				295EAED91DE78F5C00D1EF26 /* ForecastHourCellViewModel+IGListDiffable.swift */,
				295EAED51DE78D1700D1EF26 /* ForecastHourlyDataSource.swift */,
				295EAF2F1DEBCCFC00D1EF26 /* RadarOverlay.swift */,
				29F491DB1E1D4DA7004B7F91 /* WeatherNavigationViewModel.swift */,
				293026661E1DDE6200B0CEF9 /* WeatherStateMachine.swift */,
			);
			path = ViewModels;
			sourceTree = "<group>";
		};
		4713A5BC1CCDE950A60D0C14 /* Pods */ = {
			isa = PBXGroup;
			children = (
				DAE676D931F0DF20D5B92678 /* Pods-SimpleWeather.debug.xcconfig */,
				448030D10330EE5654539923 /* Pods-SimpleWeather.release.xcconfig */,
				B87C7F3447663A67F3CF8D34 /* Pods-SimpleWeatherTests.debug.xcconfig */,
				B99DBB68584B42A60D8F8351 /* Pods-SimpleWeatherTests.release.xcconfig */,
			);
			name = Pods;
			sourceTree = "<group>";
		};
/* End PBXGroup section */

/* Begin PBXNativeTarget section */
		2905385B1DD9231F00531193 /* SimpleWeather */ = {
			isa = PBXNativeTarget;
			buildConfigurationList = 2905386E1DD9231F00531193 /* Build configuration list for PBXNativeTarget "SimpleWeather" */;
			buildPhases = (
				82FED9D6A803F308B34CE572 /* [CP] Check Pods Manifest.lock */,
				290538581DD9231F00531193 /* Sources */,
				290538591DD9231F00531193 /* Frameworks */,
				2905385A1DD9231F00531193 /* Resources */,
				6FB12A7708E75094862BD5B7 /* [CP] Embed Pods Frameworks */,
				CF93A4B96BE50424EAAA50CF /* [CP] Copy Pods Resources */,
			);
			buildRules = (
			);
			dependencies = (
			);
			name = SimpleWeather;
			productName = SimpleWeather;
			productReference = 2905385C1DD9231F00531193 /* SimpleWeather.app */;
			productType = "com.apple.product-type.application";
		};
		290538891DDA093900531193 /* SimpleWeatherTests */ = {
			isa = PBXNativeTarget;
			buildConfigurationList = 290538911DDA093900531193 /* Build configuration list for PBXNativeTarget "SimpleWeatherTests" */;
			buildPhases = (
				BB51E8A2C8173F2591E00A9E /* [CP] Check Pods Manifest.lock */,
				290538861DDA093900531193 /* Sources */,
				290538871DDA093900531193 /* Frameworks */,
				290538881DDA093900531193 /* Resources */,
				E47CAFDE688F0A992B59632A /* [CP] Embed Pods Frameworks */,
				0676089642013AAA6F383ECB /* [CP] Copy Pods Resources */,
			);
			buildRules = (
			);
			dependencies = (
				290538901DDA093900531193 /* PBXTargetDependency */,
			);
			name = SimpleWeatherTests;
			productName = SimpleWeatherTests;
			productReference = 2905388A1DDA093900531193 /* SimpleWeatherTests.xctest */;
			productType = "com.apple.product-type.bundle.unit-test";
		};
/* End PBXNativeTarget section */

/* Begin PBXProject section */
		290538541DD9231F00531193 /* Project object */ = {
			isa = PBXProject;
			attributes = {
				LastSwiftUpdateCheck = 0810;
				LastUpgradeCheck = 0810;
				ORGANIZATIONNAME = "Ryan Nystrom";
				TargetAttributes = {
					2905385B1DD9231F00531193 = {
						CreatedOnToolsVersion = 8.1;
						DevelopmentTeam = 523C4DWBTH;
						ProvisioningStyle = Automatic;
					};
					290538891DDA093900531193 = {
						CreatedOnToolsVersion = 8.1;
						DevelopmentTeam = 523C4DWBTH;
						ProvisioningStyle = Automatic;
						TestTargetID = 2905385B1DD9231F00531193;
					};
				};
			};
			buildConfigurationList = 290538571DD9231F00531193 /* Build configuration list for PBXProject "SimpleWeather" */;
			compatibilityVersion = "Xcode 3.2";
			developmentRegion = English;
			hasScannedForEncodings = 0;
			knownRegions = (
				en,
				Base,
			);
			mainGroup = 290538531DD9231F00531193;
			productRefGroup = 2905385D1DD9231F00531193 /* Products */;
			projectDirPath = "";
			projectRoot = "";
			targets = (
				2905385B1DD9231F00531193 /* SimpleWeather */,
				290538891DDA093900531193 /* SimpleWeatherTests */,
			);
		};
/* End PBXProject section */

/* Begin PBXResourcesBuildPhase section */
		2905385A1DD9231F00531193 /* Resources */ = {
			isa = PBXResourcesBuildPhase;
			buildActionMask = 2147483647;
			files = (
				2905387E1DD9254F00531193 /* LaunchScreen.storyboard in Resources */,
				2905387C1DD9254F00531193 /* Assets.xcassets in Resources */,
				2905387F1DD9254F00531193 /* Main.storyboard in Resources */,
			);
			runOnlyForDeploymentPostprocessing = 0;
		};
		290538881DDA093900531193 /* Resources */ = {
			isa = PBXResourcesBuildPhase;
			buildActionMask = 2147483647;
			files = (
				290538971DDA0F6300531193 /* sample_response.json in Resources */,
			);
			runOnlyForDeploymentPostprocessing = 0;
		};
/* End PBXResourcesBuildPhase section */

/* Begin PBXShellScriptBuildPhase section */
		0676089642013AAA6F383ECB /* [CP] Copy Pods Resources */ = {
			isa = PBXShellScriptBuildPhase;
			buildActionMask = 2147483647;
			files = (
			);
			inputPaths = (
			);
			name = "[CP] Copy Pods Resources";
			outputPaths = (
			);
			runOnlyForDeploymentPostprocessing = 0;
			shellPath = /bin/sh;
			shellScript = "\"${SRCROOT}/Pods/Target Support Files/Pods-SimpleWeatherTests/Pods-SimpleWeatherTests-resources.sh\"\n";
			showEnvVarsInLog = 0;
		};
		6FB12A7708E75094862BD5B7 /* [CP] Embed Pods Frameworks */ = {
			isa = PBXShellScriptBuildPhase;
			buildActionMask = 2147483647;
			files = (
			);
			inputPaths = (
			);
			name = "[CP] Embed Pods Frameworks";
			outputPaths = (
			);
			runOnlyForDeploymentPostprocessing = 0;
			shellPath = /bin/sh;
			shellScript = "\"${SRCROOT}/Pods/Target Support Files/Pods-SimpleWeather/Pods-SimpleWeather-frameworks.sh\"\n";
			showEnvVarsInLog = 0;
		};
		82FED9D6A803F308B34CE572 /* [CP] Check Pods Manifest.lock */ = {
			isa = PBXShellScriptBuildPhase;
			buildActionMask = 2147483647;
			files = (
			);
			inputPaths = (
			);
			name = "[CP] Check Pods Manifest.lock";
			outputPaths = (
			);
			runOnlyForDeploymentPostprocessing = 0;
			shellPath = /bin/sh;
			shellScript = "diff \"${PODS_ROOT}/../Podfile.lock\" \"${PODS_ROOT}/Manifest.lock\" > /dev/null\nif [ $? != 0 ] ; then\n    # print error to STDERR\n    echo \"error: The sandbox is not in sync with the Podfile.lock. Run 'pod install' or update your CocoaPods installation.\" >&2\n    exit 1\nfi\n";
			showEnvVarsInLog = 0;
		};
		BB51E8A2C8173F2591E00A9E /* [CP] Check Pods Manifest.lock */ = {
			isa = PBXShellScriptBuildPhase;
			buildActionMask = 2147483647;
			files = (
			);
			inputPaths = (
			);
			name = "[CP] Check Pods Manifest.lock";
			outputPaths = (
			);
			runOnlyForDeploymentPostprocessing = 0;
			shellPath = /bin/sh;
			shellScript = "diff \"${PODS_ROOT}/../Podfile.lock\" \"${PODS_ROOT}/Manifest.lock\" > /dev/null\nif [ $? != 0 ] ; then\n    # print error to STDERR\n    echo \"error: The sandbox is not in sync with the Podfile.lock. Run 'pod install' or update your CocoaPods installation.\" >&2\n    exit 1\nfi\n";
			showEnvVarsInLog = 0;
		};
		CF93A4B96BE50424EAAA50CF /* [CP] Copy Pods Resources */ = {
			isa = PBXShellScriptBuildPhase;
			buildActionMask = 2147483647;
			files = (
			);
			inputPaths = (
			);
			name = "[CP] Copy Pods Resources";
			outputPaths = (
			);
			runOnlyForDeploymentPostprocessing = 0;
			shellPath = /bin/sh;
			shellScript = "\"${SRCROOT}/Pods/Target Support Files/Pods-SimpleWeather/Pods-SimpleWeather-resources.sh\"\n";
			showEnvVarsInLog = 0;
		};
		E47CAFDE688F0A992B59632A /* [CP] Embed Pods Frameworks */ = {
			isa = PBXShellScriptBuildPhase;
			buildActionMask = 2147483647;
			files = (
			);
			inputPaths = (
			);
			name = "[CP] Embed Pods Frameworks";
			outputPaths = (
			);
			runOnlyForDeploymentPostprocessing = 0;
			shellPath = /bin/sh;
			shellScript = "\"${SRCROOT}/Pods/Target Support Files/Pods-SimpleWeatherTests/Pods-SimpleWeatherTests-frameworks.sh\"\n";
			showEnvVarsInLog = 0;
		};
/* End PBXShellScriptBuildPhase section */

/* Begin PBXSourcesBuildPhase section */
		290538581DD9231F00531193 /* Sources */ = {
			isa = PBXSourcesBuildPhase;
			buildActionMask = 2147483647;
			files = (
				29E0A32C1DDBFD82004EA2C5 /* Alert+JSONConvertible.swift in Sources */,
				2949D05B1E0786D500D68F0A /* SavedLocationsViewController.swift in Sources */,
				29E0A3301DDBFEA3004EA2C5 /* ForecastHourly+JSONConvertible.swift in Sources */,
				29E0A3131DDAA46E004EA2C5 /* ForecastDay.swift in Sources */,
				295EAF261DEBBF2900D1EF26 /* RadarSectionController.swift in Sources */,
				298B66571DFDDCCF0086F0C7 /* ConditionsSection+IGListDiffable.swift in Sources */,
				298B664A1DFB3BE50086F0C7 /* RoundedCollectionViewCell.swift in Sources */,
				29C5795D1DE34601003A149B /* ForecastDayCellViewModel+Equatable.swift in Sources */,
				29E0A3161DDAB2C3004EA2C5 /* ForecastHourly.swift in Sources */,
				295EAECC1DE77C6B00D1EF26 /* HourlyForecastSectionController.swift in Sources */,
				29DB5B581E1B0E1700DE4B1C /* URLBuilder+Wunderground.swift in Sources */,
				295EAF201DEA4E2B00D1EF26 /* ViewPulser.swift in Sources */,
				295EAED61DE78D1700D1EF26 /* ForecastHourlyDataSource.swift in Sources */,
				295EAEE11DE8D3FE00D1EF26 /* Observation.swift in Sources */,
				295EAF281DEBBF6C00D1EF26 /* RadarSection.swift in Sources */,
				29E0A32E1DDBFE26004EA2C5 /* Location+JSONConvertible.swift in Sources */,
				29C579491DE121FE003A149B /* ConditionsCellViewModel.swift in Sources */,
				29D873581E0CD8BC00A6BA95 /* SavedLocationSectionController.swift in Sources */,
				29C579551DE28F08003A149B /* DailyForecastSectionController.swift in Sources */,
				29C579591DE28F75003A149B /* DailyForecastSection+IGListDiffable.swift in Sources */,
				295EAF101DE8D8F000D1EF26 /* Astronomy+JSONConvertible.swift in Sources */,
				29D8735A1E0CDDC300A6BA95 /* SavedLocationStore.swift in Sources */,
				2949D0631E07994D00D68F0A /* SavedLocation+IGListDiffable.swift in Sources */,
				29C579531DE28DF9003A149B /* ForecastDayCellViewModel.swift in Sources */,
				298B664D1DFCFAB30086F0C7 /* ForecastDay+Equatable.swift in Sources */,
				29C579401DE0F6BA003A149B /* Forecast+JSONConvertible.swift in Sources */,
				290538601DD9231F00531193 /* AppDelegate.swift in Sources */,
				2949D0611E0789EC00D68F0A /* SavedLocation+NSEncoding.swift in Sources */,
				29DB5B5B1E1B129E00DE4B1C /* URLSession+Convenience.swift in Sources */,
				295EAF1A1DEA38B700D1EF26 /* Condition+Icon.swift in Sources */,
				295EAECA1DE7630900D1EF26 /* ForecastHourCellViewModel.swift in Sources */,
				29DB5B5D1E1B2AC800DE4B1C /* URLSessionDataTaskResponse.swift in Sources */,
				29DB5B541E1B04D000DE4B1C /* URLBuilder.swift in Sources */,
				298B66551DFDDC8E0086F0C7 /* ConditionsSection+Forecast.swift in Sources */,
				29C579461DE120AF003A149B /* ConditionsCell.swift in Sources */,
				29E0A3321DDBFF05004EA2C5 /* ForecastDay+JSONConvertible.swift in Sources */,
				295EAF241DEBBEA400D1EF26 /* MapCell.swift in Sources */,
				29C5794D1DE16525003A149B /* ConditionsSectionController.swift in Sources */,
				295EAEE21DE8D3FE00D1EF26 /* Observation+JSONConvertible.swift in Sources */,
				295EAF221DEBBA9200D1EF26 /* HighLowAttributedString.swift in Sources */,
				295EAF341DEBD1B800D1EF26 /* RadarOverlayView.swift in Sources */,
				293026671E1DDE6200B0CEF9 /* WeatherStateMachine.swift in Sources */,
				2949D05F1E07880B00D68F0A /* SavedLocation.swift in Sources */,
				295EAF321DEBCF8400D1EF26 /* MKCoordinateRegion+Bounds.swift in Sources */,
				298B66531DFDDC760086F0C7 /* ConditionsSection.swift in Sources */,
				29E0A3391DDC0091004EA2C5 /* Wind.swift in Sources */,
				298B66511DFDB57E0086F0C7 /* ConditionsDetailCellViewModel.swift in Sources */,
				290538831DD9287A00531193 /* WeatherViewController.swift in Sources */,
				290538851DD92C3C00531193 /* API.swift in Sources */,
				29C5795F1DE346F9003A149B /* DailyForecastSection+Forecast.swift in Sources */,
				29C579571DE28F3A003A149B /* DailyForecastSection.swift in Sources */,
				295EAECE1DE7860000D1EF26 /* EmbeddedCollectionViewCell.swift in Sources */,
				29C579371DE0E80B003A149B /* URL+DiskCacheKey.swift in Sources */,
				295EAF0D1DE8D84800D1EF26 /* Astronomy.swift in Sources */,
				298B66591DFDE4F90086F0C7 /* ConditionsSection+ViewModels.swift in Sources */,
				290538951DDA09E100531193 /* Alert.swift in Sources */,
				2949D05D1E0786F700D68F0A /* SavedLocationCell.swift in Sources */,
				29E0A31C1DDB61C5004EA2C5 /* KeypathParsing.swift in Sources */,
				29E0A3101DDAA19C004EA2C5 /* Location.swift in Sources */,
				295EAF151DEA311800D1EF26 /* Date+Daytime.swift in Sources */,
				295EAEC81DE762FA00D1EF26 /* ForecastHourCell.swift in Sources */,
				295EAF301DEBCCFC00D1EF26 /* RadarOverlay.swift in Sources */,
				295EAF081DE8D59200D1EF26 /* Condition.swift in Sources */,
				29C579441DE103A5003A149B /* CurrentLocationRequester.swift in Sources */,
				295EAF2E1DEBC7D100D1EF26 /* RadarSection+IGListDiffable.swift in Sources */,
				295EAEDA1DE78F5C00D1EF26 /* ForecastHourCellViewModel+IGListDiffable.swift in Sources */,
				29C5793E1DE0F652003A149B /* Forecast.swift in Sources */,
				298B664F1DFDB55D0086F0C7 /* ConditionsDetailCell.swift in Sources */,
				295EAED01DE788A500D1EF26 /* EmbeddedAdapterSectionController.swift in Sources */,
				295EAED21DE78A3200D1EF26 /* EmbeddedSection.swift in Sources */,
				295EAF1C1DEA427F00D1EF26 /* AlertsViewController.swift in Sources */,
				29C579511DE28DE4003A149B /* ForecastDayCell.swift in Sources */,
				295EAED41DE78A7200D1EF26 /* EmbeddedSection+IGListDiffable.swift in Sources */,
				29F491DC1E1D4DA7004B7F91 /* WeatherNavigationViewModel.swift in Sources */,
				295EAED81DE78EA200D1EF26 /* EmbeddedSection+Forecast.swift in Sources */,
				29E0A32A1DDBFD46004EA2C5 /* JSONConvertible.swift in Sources */,
			);
			runOnlyForDeploymentPostprocessing = 0;
		};
		290538861DDA093900531193 /* Sources */ = {
			isa = PBXSourcesBuildPhase;
			buildActionMask = 2147483647;
			files = (
				295EAEF41DE8D4AF00D1EF26 /* ForecastDay.swift in Sources */,
				29DB5B551E1B08F900DE4B1C /* URLBuilder.swift in Sources */,
				295EAF0E1DE8D8D400D1EF26 /* Astronomy.swift in Sources */,
				295EAF181DEA334200D1EF26 /* DateTests.swift in Sources */,
				295EAEEE1DE8D4AF00D1EF26 /* Wind.swift in Sources */,
				2949D0651E079A1300D68F0A /* SavedLocation+NSEncoding.swift in Sources */,
				295EAF011DE8D4AF00D1EF26 /* ForecastDay+JSONConvertible.swift in Sources */,
				2949D0641E079A1300D68F0A /* SavedLocation.swift in Sources */,
				29E0A31F1DDBA22C004EA2C5 /* KeypathParsingTests.swift in Sources */,
				295EAEFC1DE8D4AF00D1EF26 /* Observation+JSONConvertible.swift in Sources */,
				295EAEEC1DE8D4AF00D1EF26 /* Forecast+JSONConvertible.swift in Sources */,
				295EAF0A1DE8D59400D1EF26 /* Condition.swift in Sources */,
				295EAF031DE8D4E300D1EF26 /* Location+JSONConvertible.swift in Sources */,
				295EAF111DE8DB1A00D1EF26 /* Astronomy+JSONConvertible.swift in Sources */,
				295EAEF91DE8D4AF00D1EF26 /* Alert.swift in Sources */,
				29C5793C1DE0F2CF003A149B /* URL+DiskCacheKey.swift in Sources */,
				295EAEED1DE8D4AF00D1EF26 /* Observation.swift in Sources */,
				295EAEF11DE8D4AF00D1EF26 /* Forecast.swift in Sources */,
				295EAF021DE8D4E300D1EF26 /* Location.swift in Sources */,
				295EAEEF1DE8D4AF00D1EF26 /* ForecastHourly+JSONConvertible.swift in Sources */,
				295EAF001DE8D4AF00D1EF26 /* ForecastHourly.swift in Sources */,
				29E0A31D1DDBA21F004EA2C5 /* KeypathParsing.swift in Sources */,
				295EAF051DE8D52700D1EF26 /* CurrentLocationRequester.swift in Sources */,
				29F491DD1E1D4ED6004B7F91 /* WeatherNavigationViewModel.swift in Sources */,
				295EAEF31DE8D4AF00D1EF26 /* Alert+JSONConvertible.swift in Sources */,
				29C5793A1DE0F275003A149B /* APISessionTests.swift in Sources */,
				29DB5B591E1B0E1800DE4B1C /* URLBuilder+Wunderground.swift in Sources */,
				29DB5B5E1E1B2F0000DE4B1C /* URLSessionDataTaskResponse.swift in Sources */,
				2905388D1DDA093900531193 /* ModelTests.swift in Sources */,
				295EAEFA1DE8D4AF00D1EF26 /* JSONConvertible.swift in Sources */,
				295EAF161DEA32FA00D1EF26 /* Date+Daytime.swift in Sources */,
				29F491DF1E1D4F9C004B7F91 /* WeatherNavigationViewModelTests.swift in Sources */,
			);
			runOnlyForDeploymentPostprocessing = 0;
		};
/* End PBXSourcesBuildPhase section */

/* Begin PBXTargetDependency section */
		290538901DDA093900531193 /* PBXTargetDependency */ = {
			isa = PBXTargetDependency;
			target = 2905385B1DD9231F00531193 /* SimpleWeather */;
			targetProxy = 2905388F1DDA093900531193 /* PBXContainerItemProxy */;
		};
/* End PBXTargetDependency section */

/* Begin XCBuildConfiguration section */
		2905386C1DD9231F00531193 /* Debug */ = {
			isa = XCBuildConfiguration;
			buildSettings = {
				ALWAYS_SEARCH_USER_PATHS = NO;
				CLANG_ANALYZER_NONNULL = YES;
				CLANG_CXX_LANGUAGE_STANDARD = "gnu++0x";
				CLANG_CXX_LIBRARY = "libc++";
				CLANG_ENABLE_MODULES = YES;
				CLANG_ENABLE_OBJC_ARC = YES;
				CLANG_WARN_BOOL_CONVERSION = YES;
				CLANG_WARN_CONSTANT_CONVERSION = YES;
				CLANG_WARN_DIRECT_OBJC_ISA_USAGE = YES_ERROR;
				CLANG_WARN_DOCUMENTATION_COMMENTS = YES;
				CLANG_WARN_EMPTY_BODY = YES;
				CLANG_WARN_ENUM_CONVERSION = YES;
				CLANG_WARN_INFINITE_RECURSION = YES;
				CLANG_WARN_INT_CONVERSION = YES;
				CLANG_WARN_OBJC_ROOT_CLASS = YES_ERROR;
				CLANG_WARN_SUSPICIOUS_MOVE = YES;
				CLANG_WARN_SUSPICIOUS_MOVES = YES;
				CLANG_WARN_UNREACHABLE_CODE = YES;
				CLANG_WARN__DUPLICATE_METHOD_MATCH = YES;
				"CODE_SIGN_IDENTITY[sdk=iphoneos*]" = "iPhone Developer";
				COPY_PHASE_STRIP = NO;
				DEBUG_INFORMATION_FORMAT = dwarf;
				ENABLE_STRICT_OBJC_MSGSEND = YES;
				ENABLE_TESTABILITY = YES;
				GCC_C_LANGUAGE_STANDARD = gnu99;
				GCC_DYNAMIC_NO_PIC = NO;
				GCC_NO_COMMON_BLOCKS = YES;
				GCC_OPTIMIZATION_LEVEL = 0;
				GCC_PREPROCESSOR_DEFINITIONS = (
					"DEBUG=1",
					"$(inherited)",
				);
				GCC_WARN_64_TO_32_BIT_CONVERSION = YES;
				GCC_WARN_ABOUT_RETURN_TYPE = YES_ERROR;
				GCC_WARN_UNDECLARED_SELECTOR = YES;
				GCC_WARN_UNINITIALIZED_AUTOS = YES_AGGRESSIVE;
				GCC_WARN_UNUSED_FUNCTION = YES;
				GCC_WARN_UNUSED_VARIABLE = YES;
				IPHONEOS_DEPLOYMENT_TARGET = 10.1;
				MTL_ENABLE_DEBUG_INFO = YES;
				ONLY_ACTIVE_ARCH = YES;
				SDKROOT = iphoneos;
				SWIFT_ACTIVE_COMPILATION_CONDITIONS = DEBUG;
				SWIFT_OPTIMIZATION_LEVEL = "-Onone";
				TARGETED_DEVICE_FAMILY = "1,2";
			};
			name = Debug;
		};
		2905386D1DD9231F00531193 /* Release */ = {
			isa = XCBuildConfiguration;
			buildSettings = {
				ALWAYS_SEARCH_USER_PATHS = NO;
				CLANG_ANALYZER_NONNULL = YES;
				CLANG_CXX_LANGUAGE_STANDARD = "gnu++0x";
				CLANG_CXX_LIBRARY = "libc++";
				CLANG_ENABLE_MODULES = YES;
				CLANG_ENABLE_OBJC_ARC = YES;
				CLANG_WARN_BOOL_CONVERSION = YES;
				CLANG_WARN_CONSTANT_CONVERSION = YES;
				CLANG_WARN_DIRECT_OBJC_ISA_USAGE = YES_ERROR;
				CLANG_WARN_DOCUMENTATION_COMMENTS = YES;
				CLANG_WARN_EMPTY_BODY = YES;
				CLANG_WARN_ENUM_CONVERSION = YES;
				CLANG_WARN_INFINITE_RECURSION = YES;
				CLANG_WARN_INT_CONVERSION = YES;
				CLANG_WARN_OBJC_ROOT_CLASS = YES_ERROR;
				CLANG_WARN_SUSPICIOUS_MOVE = YES;
				CLANG_WARN_SUSPICIOUS_MOVES = YES;
				CLANG_WARN_UNREACHABLE_CODE = YES;
				CLANG_WARN__DUPLICATE_METHOD_MATCH = YES;
				"CODE_SIGN_IDENTITY[sdk=iphoneos*]" = "iPhone Developer";
				COPY_PHASE_STRIP = NO;
				DEBUG_INFORMATION_FORMAT = "dwarf-with-dsym";
				ENABLE_NS_ASSERTIONS = NO;
				ENABLE_STRICT_OBJC_MSGSEND = YES;
				GCC_C_LANGUAGE_STANDARD = gnu99;
				GCC_NO_COMMON_BLOCKS = YES;
				GCC_WARN_64_TO_32_BIT_CONVERSION = YES;
				GCC_WARN_ABOUT_RETURN_TYPE = YES_ERROR;
				GCC_WARN_UNDECLARED_SELECTOR = YES;
				GCC_WARN_UNINITIALIZED_AUTOS = YES_AGGRESSIVE;
				GCC_WARN_UNUSED_FUNCTION = YES;
				GCC_WARN_UNUSED_VARIABLE = YES;
				IPHONEOS_DEPLOYMENT_TARGET = 10.1;
				MTL_ENABLE_DEBUG_INFO = NO;
				SDKROOT = iphoneos;
				SWIFT_OPTIMIZATION_LEVEL = "-Owholemodule";
				TARGETED_DEVICE_FAMILY = "1,2";
				VALIDATE_PRODUCT = YES;
			};
			name = Release;
		};
		2905386F1DD9231F00531193 /* Debug */ = {
			isa = XCBuildConfiguration;
			baseConfigurationReference = DAE676D931F0DF20D5B92678 /* Pods-SimpleWeather.debug.xcconfig */;
			buildSettings = {
				ALWAYS_EMBED_SWIFT_STANDARD_LIBRARIES = YES;
				ASSETCATALOG_COMPILER_APPICON_NAME = AppIcon;
				DEVELOPMENT_TEAM = 523C4DWBTH;
				INFOPLIST_FILE = SimpleWeather/Resources/Info.plist;
				LD_RUNPATH_SEARCH_PATHS = "$(inherited) @executable_path/Frameworks";
				PRODUCT_BUNDLE_IDENTIFIER = com.whoisryannystrom.SimpleWeather;
				PRODUCT_NAME = "$(TARGET_NAME)";
				SWIFT_OBJC_BRIDGING_HEADER = "SimpleWeather/SimpleWeather-Briding-Header.h";
				SWIFT_VERSION = 3.0;
				TARGETED_DEVICE_FAMILY = 1;
			};
			name = Debug;
		};
		290538701DD9231F00531193 /* Release */ = {
			isa = XCBuildConfiguration;
			baseConfigurationReference = 448030D10330EE5654539923 /* Pods-SimpleWeather.release.xcconfig */;
			buildSettings = {
				ALWAYS_EMBED_SWIFT_STANDARD_LIBRARIES = YES;
				ASSETCATALOG_COMPILER_APPICON_NAME = AppIcon;
				DEVELOPMENT_TEAM = 523C4DWBTH;
				INFOPLIST_FILE = SimpleWeather/Resources/Info.plist;
				LD_RUNPATH_SEARCH_PATHS = "$(inherited) @executable_path/Frameworks";
				PRODUCT_BUNDLE_IDENTIFIER = com.whoisryannystrom.SimpleWeather;
				PRODUCT_NAME = "$(TARGET_NAME)";
				SWIFT_OBJC_BRIDGING_HEADER = "SimpleWeather/SimpleWeather-Briding-Header.h";
				SWIFT_VERSION = 3.0;
				TARGETED_DEVICE_FAMILY = 1;
			};
			name = Release;
		};
		290538921DDA093900531193 /* Debug */ = {
			isa = XCBuildConfiguration;
			baseConfigurationReference = B87C7F3447663A67F3CF8D34 /* Pods-SimpleWeatherTests.debug.xcconfig */;
			buildSettings = {
				BUNDLE_LOADER = "$(TEST_HOST)";
				DEVELOPMENT_TEAM = 523C4DWBTH;
				INFOPLIST_FILE = SimpleWeatherTests/Info.plist;
				LD_RUNPATH_SEARCH_PATHS = "$(inherited) @executable_path/Frameworks @loader_path/Frameworks";
				PRODUCT_BUNDLE_IDENTIFIER = com.whoisryannystrom.SimpleWeatherTests;
				PRODUCT_NAME = "$(TARGET_NAME)";
				SWIFT_OBJC_BRIDGING_HEADER = "SimpleWeather/SimpleWeather-Briding-Header.h";
				SWIFT_VERSION = 3.0;
				TEST_HOST = "$(BUILT_PRODUCTS_DIR)/SimpleWeather.app/SimpleWeather";
			};
			name = Debug;
		};
		290538931DDA093900531193 /* Release */ = {
			isa = XCBuildConfiguration;
			baseConfigurationReference = B99DBB68584B42A60D8F8351 /* Pods-SimpleWeatherTests.release.xcconfig */;
			buildSettings = {
				BUNDLE_LOADER = "$(TEST_HOST)";
				DEVELOPMENT_TEAM = 523C4DWBTH;
				INFOPLIST_FILE = SimpleWeatherTests/Info.plist;
				LD_RUNPATH_SEARCH_PATHS = "$(inherited) @executable_path/Frameworks @loader_path/Frameworks";
				PRODUCT_BUNDLE_IDENTIFIER = com.whoisryannystrom.SimpleWeatherTests;
				PRODUCT_NAME = "$(TARGET_NAME)";
				SWIFT_OBJC_BRIDGING_HEADER = "SimpleWeather/SimpleWeather-Briding-Header.h";
				SWIFT_VERSION = 3.0;
				TEST_HOST = "$(BUILT_PRODUCTS_DIR)/SimpleWeather.app/SimpleWeather";
			};
			name = Release;
		};
/* End XCBuildConfiguration section */

/* Begin XCConfigurationList section */
		290538571DD9231F00531193 /* Build configuration list for PBXProject "SimpleWeather" */ = {
			isa = XCConfigurationList;
			buildConfigurations = (
				2905386C1DD9231F00531193 /* Debug */,
				2905386D1DD9231F00531193 /* Release */,
			);
			defaultConfigurationIsVisible = 0;
			defaultConfigurationName = Release;
		};
		2905386E1DD9231F00531193 /* Build configuration list for PBXNativeTarget "SimpleWeather" */ = {
			isa = XCConfigurationList;
			buildConfigurations = (
				2905386F1DD9231F00531193 /* Debug */,
				290538701DD9231F00531193 /* Release */,
			);
			defaultConfigurationIsVisible = 0;
			defaultConfigurationName = Release;
		};
		290538911DDA093900531193 /* Build configuration list for PBXNativeTarget "SimpleWeatherTests" */ = {
			isa = XCConfigurationList;
			buildConfigurations = (
				290538921DDA093900531193 /* Debug */,
				290538931DDA093900531193 /* Release */,
			);
			defaultConfigurationIsVisible = 0;
			defaultConfigurationName = Release;
		};
/* End XCConfigurationList section */
	};
	rootObject = 290538541DD9231F00531193 /* Project object */;
}
